// !$*UTF8*$!
{
	archiveVersion = 1;
	classes = {
	};
	objectVersion = 46;
	objects = {

/* Begin PBXBuildFile section */
		5493EA6A1EE7D69700F703BB /* main.m in Sources */ = {isa = PBXBuildFile; fileRef = 5493EA691EE7D69700F703BB /* main.m */; };
		5493EA6D1EE7D69700F703BB /* AppDelegate.m in Sources */ = {isa = PBXBuildFile; fileRef = 5493EA6C1EE7D69700F703BB /* AppDelegate.m */; };
		5493EA751EE7D69700F703BB /* Assets.xcassets in Resources */ = {isa = PBXBuildFile; fileRef = 5493EA741EE7D69700F703BB /* Assets.xcassets */; };
		5493EA831EE7D69700F703BB /* DiscoverCollectionViewTests.m in Sources */ = {isa = PBXBuildFile; fileRef = 5493EA821EE7D69700F703BB /* DiscoverCollectionViewTests.m */; };
		549AF23C1EF221EC00802338 /* Launch Screen.storyboard in Resources */ = {isa = PBXBuildFile; fileRef = 549AF23B1EF221EC00802338 /* Launch Screen.storyboard */; };
		54B5C2EF1EEE08F3000E907E /* HomeViewController.m in Sources */ = {isa = PBXBuildFile; fileRef = 54B5C2ED1EEE08F3000E907E /* HomeViewController.m */; };
		54B5C2F01EEE08F3000E907E /* HomeViewController.xib in Resources */ = {isa = PBXBuildFile; fileRef = 54B5C2EE1EEE08F3000E907E /* HomeViewController.xib */; };
		54B5C2F41EEE325D000E907E /* CollectionReusableView.m in Sources */ = {isa = PBXBuildFile; fileRef = 54B5C2F21EEE325D000E907E /* CollectionReusableView.m */; };
		54B5C2F51EEE325D000E907E /* CollectionReusableView.xib in Resources */ = {isa = PBXBuildFile; fileRef = 54B5C2F31EEE325D000E907E /* CollectionReusableView.xib */; };
		54BCE4B61EEA3BB2003C54E0 /* RandomSize.m in Sources */ = {isa = PBXBuildFile; fileRef = 54BCE4B51EEA3BB2003C54E0 /* RandomSize.m */; };
		54BCE4B91EEA98DC003C54E0 /* ModelRequest.m in Sources */ = {isa = PBXBuildFile; fileRef = 54BCE4B81EEA98DC003C54E0 /* ModelRequest.m */; };
		54CE68591EE91CD800364D13 /* DiscoverCollectionViewCell.m in Sources */ = {isa = PBXBuildFile; fileRef = 54CE68571EE91CD800364D13 /* DiscoverCollectionViewCell.m */; };
		54CE685A1EE91CD800364D13 /* DiscoverCollectionViewCell.xib in Resources */ = {isa = PBXBuildFile; fileRef = 54CE68581EE91CD800364D13 /* DiscoverCollectionViewCell.xib */; };
/* End PBXBuildFile section */

/* Begin PBXContainerItemProxy section */
		5493EA7F1EE7D69700F703BB /* PBXContainerItemProxy */ = {
			isa = PBXContainerItemProxy;
			containerPortal = 5493EA5D1EE7D69700F703BB /* Project object */;
			proxyType = 1;
			remoteGlobalIDString = 5493EA641EE7D69700F703BB;
			remoteInfo = DiscoverCollectionView;
		};
/* End PBXContainerItemProxy section */

/* Begin PBXFileReference section */
		5493EA651EE7D69700F703BB /* DiscoverCollectionView.app */ = {isa = PBXFileReference; explicitFileType = wrapper.application; includeInIndex = 0; path = DiscoverCollectionView.app; sourceTree = BUILT_PRODUCTS_DIR; };
		5493EA691EE7D69700F703BB /* main.m */ = {isa = PBXFileReference; lastKnownFileType = sourcecode.c.objc; path = main.m; sourceTree = "<group>"; };
		5493EA6B1EE7D69700F703BB /* AppDelegate.h */ = {isa = PBXFileReference; lastKnownFileType = sourcecode.c.h; path = AppDelegate.h; sourceTree = "<group>"; };
		5493EA6C1EE7D69700F703BB /* AppDelegate.m */ = {isa = PBXFileReference; lastKnownFileType = sourcecode.c.objc; path = AppDelegate.m; sourceTree = "<group>"; };
		5493EA741EE7D69700F703BB /* Assets.xcassets */ = {isa = PBXFileReference; lastKnownFileType = folder.assetcatalog; path = Assets.xcassets; sourceTree = "<group>"; };
		5493EA791EE7D69700F703BB /* Info.plist */ = {isa = PBXFileReference; lastKnownFileType = text.plist.xml; path = Info.plist; sourceTree = "<group>"; };
		5493EA7E1EE7D69700F703BB /* DiscoverCollectionViewTests.xctest */ = {isa = PBXFileReference; explicitFileType = wrapper.cfbundle; includeInIndex = 0; path = DiscoverCollectionViewTests.xctest; sourceTree = BUILT_PRODUCTS_DIR; };
		5493EA821EE7D69700F703BB /* DiscoverCollectionViewTests.m */ = {isa = PBXFileReference; lastKnownFileType = sourcecode.c.objc; path = DiscoverCollectionViewTests.m; sourceTree = "<group>"; };
		5493EA841EE7D69700F703BB /* Info.plist */ = {isa = PBXFileReference; lastKnownFileType = text.plist.xml; path = Info.plist; sourceTree = "<group>"; };
		549AF23B1EF221EC00802338 /* Launch Screen.storyboard */ = {isa = PBXFileReference; fileEncoding = 4; lastKnownFileType = file.storyboard; path = "Launch Screen.storyboard"; sourceTree = "<group>"; };
		54B5C2EC1EEE08F3000E907E /* HomeViewController.h */ = {isa = PBXFileReference; fileEncoding = 4; lastKnownFileType = sourcecode.c.h; path = HomeViewController.h; sourceTree = "<group>"; };
		54B5C2ED1EEE08F3000E907E /* HomeViewController.m */ = {isa = PBXFileReference; fileEncoding = 4; lastKnownFileType = sourcecode.c.objc; path = HomeViewController.m; sourceTree = "<group>"; };
		54B5C2EE1EEE08F3000E907E /* HomeViewController.xib */ = {isa = PBXFileReference; fileEncoding = 4; lastKnownFileType = file.xib; path = HomeViewController.xib; sourceTree = "<group>"; };
		54B5C2F11EEE325D000E907E /* CollectionReusableView.h */ = {isa = PBXFileReference; fileEncoding = 4; lastKnownFileType = sourcecode.c.h; path = CollectionReusableView.h; sourceTree = "<group>"; };
		54B5C2F21EEE325D000E907E /* CollectionReusableView.m */ = {isa = PBXFileReference; fileEncoding = 4; lastKnownFileType = sourcecode.c.objc; path = CollectionReusableView.m; sourceTree = "<group>"; };
		54B5C2F31EEE325D000E907E /* CollectionReusableView.xib */ = {isa = PBXFileReference; fileEncoding = 4; lastKnownFileType = file.xib; path = CollectionReusableView.xib; sourceTree = "<group>"; };
		54BCE4B41EEA3BB2003C54E0 /* RandomSize.h */ = {isa = PBXFileReference; fileEncoding = 4; lastKnownFileType = sourcecode.c.h; path = RandomSize.h; sourceTree = "<group>"; };
		54BCE4B51EEA3BB2003C54E0 /* RandomSize.m */ = {isa = PBXFileReference; fileEncoding = 4; lastKnownFileType = sourcecode.c.objc; path = RandomSize.m; sourceTree = "<group>"; };
		54BCE4B71EEA98DC003C54E0 /* ModelRequest.h */ = {isa = PBXFileReference; fileEncoding = 4; lastKnownFileType = sourcecode.c.h; path = ModelRequest.h; sourceTree = "<group>"; };
		54BCE4B81EEA98DC003C54E0 /* ModelRequest.m */ = {isa = PBXFileReference; fileEncoding = 4; lastKnownFileType = sourcecode.c.objc; path = ModelRequest.m; sourceTree = "<group>"; };
		54CE68561EE91CD800364D13 /* DiscoverCollectionViewCell.h */ = {isa = PBXFileReference; fileEncoding = 4; lastKnownFileType = sourcecode.c.h; path = DiscoverCollectionViewCell.h; sourceTree = "<group>"; };
		54CE68571EE91CD800364D13 /* DiscoverCollectionViewCell.m */ = {isa = PBXFileReference; fileEncoding = 4; lastKnownFileType = sourcecode.c.objc; path = DiscoverCollectionViewCell.m; sourceTree = "<group>"; };
		54CE68581EE91CD800364D13 /* DiscoverCollectionViewCell.xib */ = {isa = PBXFileReference; fileEncoding = 4; lastKnownFileType = file.xib; path = DiscoverCollectionViewCell.xib; sourceTree = "<group>"; };
/* End PBXFileReference section */

/* Begin PBXFrameworksBuildPhase section */
		5493EA621EE7D69700F703BB /* Frameworks */ = {
			isa = PBXFrameworksBuildPhase;
			buildActionMask = 2147483647;
			files = (
			);
			runOnlyForDeploymentPostprocessing = 0;
		};
		5493EA7B1EE7D69700F703BB /* Frameworks */ = {
			isa = PBXFrameworksBuildPhase;
			buildActionMask = 2147483647;
			files = (
			);
			runOnlyForDeploymentPostprocessing = 0;
		};
/* End PBXFrameworksBuildPhase section */

/* Begin PBXGroup section */
		5493EA5C1EE7D69700F703BB = {
			isa = PBXGroup;
			children = (
				5493EA671EE7D69700F703BB /* DiscoverCollectionView */,
				5493EA811EE7D69700F703BB /* DiscoverCollectionViewTests */,
				5493EA661EE7D69700F703BB /* Products */,
			);
			sourceTree = "<group>";
		};
		5493EA661EE7D69700F703BB /* Products */ = {
			isa = PBXGroup;
			children = (
				5493EA651EE7D69700F703BB /* DiscoverCollectionView.app */,
				5493EA7E1EE7D69700F703BB /* DiscoverCollectionViewTests.xctest */,
			);
			name = Products;
			sourceTree = "<group>";
		};
		5493EA671EE7D69700F703BB /* DiscoverCollectionView */ = {
			isa = PBXGroup;
			children = (
				54B5C2F91EEE3350000E907E /* Controller */,
				54B5C2F81EEE32D3000E907E /* Supplementary */,
				54B5C2F71EEE32A3000E907E /* Cell */,
				54B5C2F61EEE3266000E907E /* Model */,
				5493EA6B1EE7D69700F703BB /* AppDelegate.h */,
				5493EA6C1EE7D69700F703BB /* AppDelegate.m */,
				5493EA741EE7D69700F703BB /* Assets.xcassets */,
				5493EA791EE7D69700F703BB /* Info.plist */,
				5493EA681EE7D69700F703BB /* Supporting Files */,
				549AF23B1EF221EC00802338 /* Launch Screen.storyboard */,
			);
			path = DiscoverCollectionView;
			sourceTree = "<group>";
		};
		5493EA681EE7D69700F703BB /* Supporting Files */ = {
			isa = PBXGroup;
			children = (
				5493EA691EE7D69700F703BB /* main.m */,
			);
			name = "Supporting Files";
			sourceTree = "<group>";
		};
		5493EA811EE7D69700F703BB /* DiscoverCollectionViewTests */ = {
			isa = PBXGroup;
			children = (
				5493EA821EE7D69700F703BB /* DiscoverCollectionViewTests.m */,
				5493EA841EE7D69700F703BB /* Info.plist */,
			);
			path = DiscoverCollectionViewTests;
			sourceTree = "<group>";
		};
		54B5C2F61EEE3266000E907E /* Model */ = {
			isa = PBXGroup;
			children = (
				54BCE4B41EEA3BB2003C54E0 /* RandomSize.h */,
				54BCE4B51EEA3BB2003C54E0 /* RandomSize.m */,
				54BCE4B71EEA98DC003C54E0 /* ModelRequest.h */,
				54BCE4B81EEA98DC003C54E0 /* ModelRequest.m */,
			);
			name = Model;
			sourceTree = "<group>";
		};
		54B5C2F71EEE32A3000E907E /* Cell */ = {
			isa = PBXGroup;
			children = (
				54CE68561EE91CD800364D13 /* DiscoverCollectionViewCell.h */,
				54CE68571EE91CD800364D13 /* DiscoverCollectionViewCell.m */,
				54CE68581EE91CD800364D13 /* DiscoverCollectionViewCell.xib */,
			);
			name = Cell;
			sourceTree = "<group>";
		};
		54B5C2F81EEE32D3000E907E /* Supplementary */ = {
			isa = PBXGroup;
			children = (
				54B5C2F11EEE325D000E907E /* CollectionReusableView.h */,
				54B5C2F21EEE325D000E907E /* CollectionReusableView.m */,
				54B5C2F31EEE325D000E907E /* CollectionReusableView.xib */,
			);
			name = Supplementary;
			sourceTree = "<group>";
		};
		54B5C2F91EEE3350000E907E /* Controller */ = {
			isa = PBXGroup;
			children = (
				54B5C2EC1EEE08F3000E907E /* HomeViewController.h */,
				54B5C2ED1EEE08F3000E907E /* HomeViewController.m */,
				54B5C2EE1EEE08F3000E907E /* HomeViewController.xib */,
			);
			name = Controller;
			sourceTree = "<group>";
		};
/* End PBXGroup section */

/* Begin PBXNativeTarget section */
		5493EA641EE7D69700F703BB /* DiscoverCollectionView */ = {
			isa = PBXNativeTarget;
			buildConfigurationList = 5493EA871EE7D69700F703BB /* Build configuration list for PBXNativeTarget "DiscoverCollectionView" */;
			buildPhases = (
				5493EA611EE7D69700F703BB /* Sources */,
				5493EA621EE7D69700F703BB /* Frameworks */,
				5493EA631EE7D69700F703BB /* Resources */,
			);
			buildRules = (
			);
			dependencies = (
			);
			name = DiscoverCollectionView;
			productName = DiscoverCollectionView;
			productReference = 5493EA651EE7D69700F703BB /* DiscoverCollectionView.app */;
			productType = "com.apple.product-type.application";
		};
		5493EA7D1EE7D69700F703BB /* DiscoverCollectionViewTests */ = {
			isa = PBXNativeTarget;
			buildConfigurationList = 5493EA8A1EE7D69700F703BB /* Build configuration list for PBXNativeTarget "DiscoverCollectionViewTests" */;
			buildPhases = (
				5493EA7A1EE7D69700F703BB /* Sources */,
				5493EA7B1EE7D69700F703BB /* Frameworks */,
				5493EA7C1EE7D69700F703BB /* Resources */,
			);
			buildRules = (
			);
			dependencies = (
				5493EA801EE7D69700F703BB /* PBXTargetDependency */,
			);
			name = DiscoverCollectionViewTests;
			productName = DiscoverCollectionViewTests;
			productReference = 5493EA7E1EE7D69700F703BB /* DiscoverCollectionViewTests.xctest */;
			productType = "com.apple.product-type.bundle.unit-test";
		};
/* End PBXNativeTarget section */

/* Begin PBXProject section */
		5493EA5D1EE7D69700F703BB /* Project object */ = {
			isa = PBXProject;
			attributes = {
				LastUpgradeCheck = 0830;
				ORGANIZATIONNAME = KterKC;
				TargetAttributes = {
					5493EA641EE7D69700F703BB = {
						CreatedOnToolsVersion = 8.3.2;
						ProvisioningStyle = Automatic;
					};
					5493EA7D1EE7D69700F703BB = {
						CreatedOnToolsVersion = 8.3.2;
						ProvisioningStyle = Automatic;
						TestTargetID = 5493EA641EE7D69700F703BB;
					};
				};
			};
			buildConfigurationList = 5493EA601EE7D69700F703BB /* Build configuration list for PBXProject "DiscoverCollectionView" */;
			compatibilityVersion = "Xcode 3.2";
			developmentRegion = English;
			hasScannedForEncodings = 0;
			knownRegions = (
				en,
				Base,
			);
			mainGroup = 5493EA5C1EE7D69700F703BB;
			productRefGroup = 5493EA661EE7D69700F703BB /* Products */;
			projectDirPath = "";
			projectRoot = "";
			targets = (
				5493EA641EE7D69700F703BB /* DiscoverCollectionView */,
				5493EA7D1EE7D69700F703BB /* DiscoverCollectionViewTests */,
			);
		};
/* End PBXProject section */

/* Begin PBXResourcesBuildPhase section */
		5493EA631EE7D69700F703BB /* Resources */ = {
			isa = PBXResourcesBuildPhase;
			buildActionMask = 2147483647;
			files = (
				54B5C2F51EEE325D000E907E /* CollectionReusableView.xib in Resources */,
				54CE685A1EE91CD800364D13 /* DiscoverCollectionViewCell.xib in Resources */,
				54B5C2F01EEE08F3000E907E /* HomeViewController.xib in Resources */,
				549AF23C1EF221EC00802338 /* Launch Screen.storyboard in Resources */,
				5493EA751EE7D69700F703BB /* Assets.xcassets in Resources */,
			);
			runOnlyForDeploymentPostprocessing = 0;
		};
		5493EA7C1EE7D69700F703BB /* Resources */ = {
			isa = PBXResourcesBuildPhase;
			buildActionMask = 2147483647;
			files = (
			);
			runOnlyForDeploymentPostprocessing = 0;
		};
/* End PBXResourcesBuildPhase section */

/* Begin PBXSourcesBuildPhase section */
		5493EA611EE7D69700F703BB /* Sources */ = {
			isa = PBXSourcesBuildPhase;
			buildActionMask = 2147483647;
			files = (
				54BCE4B61EEA3BB2003C54E0 /* RandomSize.m in Sources */,
				54CE68591EE91CD800364D13 /* DiscoverCollectionViewCell.m in Sources */,
				5493EA6D1EE7D69700F703BB /* AppDelegate.m in Sources */,
				5493EA6A1EE7D69700F703BB /* main.m in Sources */,
				54B5C2F41EEE325D000E907E /* CollectionReusableView.m in Sources */,
				54B5C2EF1EEE08F3000E907E /* HomeViewController.m in Sources */,
				54BCE4B91EEA98DC003C54E0 /* ModelRequest.m in Sources */,
			);
			runOnlyForDeploymentPostprocessing = 0;
		};
		5493EA7A1EE7D69700F703BB /* Sources */ = {
			isa = PBXSourcesBuildPhase;
			buildActionMask = 2147483647;
			files = (
				5493EA831EE7D69700F703BB /* DiscoverCollectionViewTests.m in Sources */,
			);
			runOnlyForDeploymentPostprocessing = 0;
		};
/* End PBXSourcesBuildPhase section */

/* Begin PBXTargetDependency section */
		5493EA801EE7D69700F703BB /* PBXTargetDependency */ = {
			isa = PBXTargetDependency;
			target = 5493EA641EE7D69700F703BB /* DiscoverCollectionView */;
			targetProxy = 5493EA7F1EE7D69700F703BB /* PBXContainerItemProxy */;
		};
/* End PBXTargetDependency section */

/* Begin XCBuildConfiguration section */
		5493EA851EE7D69700F703BB /* Debug */ = {
			isa = XCBuildConfiguration;
			buildSettings = {
				ALWAYS_SEARCH_USER_PATHS = NO;
				CLANG_ANALYZER_NONNULL = YES;
				CLANG_ANALYZER_NUMBER_OBJECT_CONVERSION = YES_AGGRESSIVE;
				CLANG_CXX_LANGUAGE_STANDARD = "gnu++0x";
				CLANG_CXX_LIBRARY = "libc++";
				CLANG_ENABLE_MODULES = YES;
				CLANG_ENABLE_OBJC_ARC = YES;
				CLANG_WARN_BOOL_CONVERSION = YES;
				CLANG_WARN_CONSTANT_CONVERSION = YES;
				CLANG_WARN_DIRECT_OBJC_ISA_USAGE = YES_ERROR;
				CLANG_WARN_DOCUMENTATION_COMMENTS = YES;
				CLANG_WARN_EMPTY_BODY = YES;
				CLANG_WARN_ENUM_CONVERSION = YES;
				CLANG_WARN_INFINITE_RECURSION = YES;
				CLANG_WARN_INT_CONVERSION = YES;
				CLANG_WARN_OBJC_ROOT_CLASS = YES_ERROR;
				CLANG_WARN_SUSPICIOUS_MOVE = YES;
				CLANG_WARN_UNREACHABLE_CODE = YES;
				CLANG_WARN__DUPLICATE_METHOD_MATCH = YES;
				"CODE_SIGN_IDENTITY[sdk=iphoneos*]" = "iPhone Developer";
				COPY_PHASE_STRIP = NO;
				DEBUG_INFORMATION_FORMAT = dwarf;
				ENABLE_STRICT_OBJC_MSGSEND = YES;
				ENABLE_TESTABILITY = YES;
				GCC_C_LANGUAGE_STANDARD = gnu99;
				GCC_DYNAMIC_NO_PIC = NO;
				GCC_NO_COMMON_BLOCKS = YES;
				GCC_OPTIMIZATION_LEVEL = 0;
				GCC_PREPROCESSOR_DEFINITIONS = (
					"DEBUG=1",
					"$(inherited)",
				);
				GCC_WARN_64_TO_32_BIT_CONVERSION = YES;
				GCC_WARN_ABOUT_RETURN_TYPE = YES_ERROR;
				GCC_WARN_UNDECLARED_SELECTOR = YES;
				GCC_WARN_UNINITIALIZED_AUTOS = YES_AGGRESSIVE;
				GCC_WARN_UNUSED_FUNCTION = YES;
				GCC_WARN_UNUSED_VARIABLE = YES;
				IPHONEOS_DEPLOYMENT_TARGET = 10.3;
				MTL_ENABLE_DEBUG_INFO = YES;
				ONLY_ACTIVE_ARCH = YES;
				SDKROOT = iphoneos;
				TARGETED_DEVICE_FAMILY = "1,2";
			};
			name = Debug;
		};
		5493EA861EE7D69700F703BB /* Release */ = {
			isa = XCBuildConfiguration;
			buildSettings = {
				ALWAYS_SEARCH_USER_PATHS = NO;
				CLANG_ANALYZER_NONNULL = YES;
				CLANG_ANALYZER_NUMBER_OBJECT_CONVERSION = YES_AGGRESSIVE;
				CLANG_CXX_LANGUAGE_STANDARD = "gnu++0x";
				CLANG_CXX_LIBRARY = "libc++";
				CLANG_ENABLE_MODULES = YES;
				CLANG_ENABLE_OBJC_ARC = YES;
				CLANG_WARN_BOOL_CONVERSION = YES;
				CLANG_WARN_CONSTANT_CONVERSION = YES;
				CLANG_WARN_DIRECT_OBJC_ISA_USAGE = YES_ERROR;
				CLANG_WARN_DOCUMENTATION_COMMENTS = YES;
				CLANG_WARN_EMPTY_BODY = YES;
				CLANG_WARN_ENUM_CONVERSION = YES;
				CLANG_WARN_INFINITE_RECURSION = YES;
				CLANG_WARN_INT_CONVERSION = YES;
				CLANG_WARN_OBJC_ROOT_CLASS = YES_ERROR;
				CLANG_WARN_SUSPICIOUS_MOVE = YES;
				CLANG_WARN_UNREACHABLE_CODE = YES;
				CLANG_WARN__DUPLICATE_METHOD_MATCH = YES;
				"CODE_SIGN_IDENTITY[sdk=iphoneos*]" = "iPhone Developer";
				COPY_PHASE_STRIP = NO;
				DEBUG_INFORMATION_FORMAT = "dwarf-with-dsym";
				ENABLE_NS_ASSERTIONS = NO;
				ENABLE_STRICT_OBJC_MSGSEND = YES;
				GCC_C_LANGUAGE_STANDARD = gnu99;
				GCC_NO_COMMON_BLOCKS = YES;
				GCC_WARN_64_TO_32_BIT_CONVERSION = YES;
				GCC_WARN_ABOUT_RETURN_TYPE = YES_ERROR;
				GCC_WARN_UNDECLARED_SELECTOR = YES;
				GCC_WARN_UNINITIALIZED_AUTOS = YES_AGGRESSIVE;
				GCC_WARN_UNUSED_FUNCTION = YES;
				GCC_WARN_UNUSED_VARIABLE = YES;
				IPHONEOS_DEPLOYMENT_TARGET = 10.3;
				MTL_ENABLE_DEBUG_INFO = NO;
				SDKROOT = iphoneos;
				TARGETED_DEVICE_FAMILY = "1,2";
				VALIDATE_PRODUCT = YES;
			};
			name = Release;
		};
		5493EA881EE7D69700F703BB /* Debug */ = {
			isa = XCBuildConfiguration;
			buildSettings = {
				ASSETCATALOG_COMPILER_APPICON_NAME = AppIcon;
				INFOPLIST_FILE = DiscoverCollectionView/Info.plist;
				LD_RUNPATH_SEARCH_PATHS = "$(inherited) @executable_path/Frameworks";
				PRODUCT_BUNDLE_IDENTIFIER = Kter.KC.DiscoverCollectionView;
				PRODUCT_NAME = "$(TARGET_NAME)";
				TARGETED_DEVICE_FAMILY = "1,2";
			};
			name = Debug;
		};
		5493EA891EE7D69700F703BB /* Release */ = {
			isa = XCBuildConfiguration;
			buildSettings = {
				ASSETCATALOG_COMPILER_APPICON_NAME = AppIcon;
				INFOPLIST_FILE = DiscoverCollectionView/Info.plist;
				LD_RUNPATH_SEARCH_PATHS = "$(inherited) @executable_path/Frameworks";
				PRODUCT_BUNDLE_IDENTIFIER = Kter.KC.DiscoverCollectionView;
				PRODUCT_NAME = "$(TARGET_NAME)";
				TARGETED_DEVICE_FAMILY = "1,2";
			};
			name = Release;
		};
		5493EA8B1EE7D69700F703BB /* Debug */ = {
			isa = XCBuildConfiguration;
			buildSettings = {
				BUNDLE_LOADER = "$(TEST_HOST)";
				INFOPLIST_FILE = DiscoverCollectionViewTests/Info.plist;
				LD_RUNPATH_SEARCH_PATHS = "$(inherited) @executable_path/Frameworks @loader_path/Frameworks";
				PRODUCT_BUNDLE_IDENTIFIER = Kter.KC.DiscoverCollectionViewTests;
				PRODUCT_NAME = "$(TARGET_NAME)";
				TEST_HOST = "$(BUILT_PRODUCTS_DIR)/DiscoverCollectionView.app/DiscoverCollectionView";
			};
			name = Debug;
		};
		5493EA8C1EE7D69700F703BB /* Release */ = {
			isa = XCBuildConfiguration;
			buildSettings = {
				BUNDLE_LOADER = "$(TEST_HOST)";
				INFOPLIST_FILE = DiscoverCollectionViewTests/Info.plist;
				LD_RUNPATH_SEARCH_PATHS = "$(inherited) @executable_path/Frameworks @loader_path/Frameworks";
				PRODUCT_BUNDLE_IDENTIFIER = Kter.KC.DiscoverCollectionViewTests;
				PRODUCT_NAME = "$(TARGET_NAME)";
				TEST_HOST = "$(BUILT_PRODUCTS_DIR)/DiscoverCollectionView.app/DiscoverCollectionView";
			};
			name = Release;
		};
/* End XCBuildConfiguration section */

/* Begin XCConfigurationList section */
		5493EA601EE7D69700F703BB /* Build configuration list for PBXProject "DiscoverCollectionView" */ = {
			isa = XCConfigurationList;
			buildConfigurations = (
				5493EA851EE7D69700F703BB /* Debug */,
				5493EA861EE7D69700F703BB /* Release */,
			);
			defaultConfigurationIsVisible = 0;
			defaultConfigurationName = Release;
		};
		5493EA871EE7D69700F703BB /* Build configuration list for PBXNativeTarget "DiscoverCollectionView" */ = {
			isa = XCConfigurationList;
			buildConfigurations = (
				5493EA881EE7D69700F703BB /* Debug */,
				5493EA891EE7D69700F703BB /* Release */,
			);
			defaultConfigurationIsVisible = 0;
			defaultConfigurationName = Release;
		};
		5493EA8A1EE7D69700F703BB /* Build configuration list for PBXNativeTarget "DiscoverCollectionViewTests" */ = {
			isa = XCConfigurationList;
			buildConfigurations = (
				5493EA8B1EE7D69700F703BB /* Debug */,
				5493EA8C1EE7D69700F703BB /* Release */,
			);
			defaultConfigurationIsVisible = 0;
			defaultConfigurationName = Release;
		};
/* End XCConfigurationList section */
	};
	rootObject = 5493EA5D1EE7D69700F703BB /* Project object */;
}
