// !$*UTF8*$!
{
	archiveVersion = 1;
	classes = {
	};
	objectVersion = 46;
	objects = {

/* Begin PBXBuildFile section */
		54BBD43D1F00C094002CBC2C /* FBSDKCoreKit.framework in Frameworks */ = {isa = PBXBuildFile; fileRef = 54BBD4311F00C094002CBC2C /* FBSDKCoreKit.framework */; };
		54BBD43E1F00C094002CBC2C /* FBSDKLoginKit.framework in Frameworks */ = {isa = PBXBuildFile; fileRef = 54BBD4321F00C094002CBC2C /* FBSDKLoginKit.framework */; };
		54BBD4411F00C094002CBC2C /* FBSDKShareKit.framework in Frameworks */ = {isa = PBXBuildFile; fileRef = 54BBD4351F00C094002CBC2C /* FBSDKShareKit.framework */; };
		54BBD4451F00C3E1002CBC2C /* AccountKit.framework in Frameworks */ = {isa = PBXBuildFile; fileRef = 54BBD4441F00C3E1002CBC2C /* AccountKit.framework */; };
		54F0795F1F00C86B00B7C2D1 /* AccountInformationViewController.m in Sources */ = {isa = PBXBuildFile; fileRef = 54F079581F00C86B00B7C2D1 /* AccountInformationViewController.m */; };
		54F079601F00C86B00B7C2D1 /* DetailPhotoViewController.m in Sources */ = {isa = PBXBuildFile; fileRef = 54F0795A1F00C86B00B7C2D1 /* DetailPhotoViewController.m */; };
		54F079611F00C86B00B7C2D1 /* LoginViewController.m in Sources */ = {isa = PBXBuildFile; fileRef = 54F0795C1F00C86B00B7C2D1 /* LoginViewController.m */; };
		54F079621F00C86B00B7C2D1 /* PhotoViewController.m in Sources */ = {isa = PBXBuildFile; fileRef = 54F0795E1F00C86B00B7C2D1 /* PhotoViewController.m */; };
		54F079661F00CAF300B7C2D1 /* AppDelegate.m in Sources */ = {isa = PBXBuildFile; fileRef = 54F079651F00CAF300B7C2D1 /* AppDelegate.m */; };
		54F079691F00CC6800B7C2D1 /* ConstantsSystem.m in Sources */ = {isa = PBXBuildFile; fileRef = 54F079681F00CC6800B7C2D1 /* ConstantsSystem.m */; };
		54F0796D1F00CD0600B7C2D1 /* LaunchScreen.storyboard in Resources */ = {isa = PBXBuildFile; fileRef = 54F0796B1F00CD0600B7C2D1 /* LaunchScreen.storyboard */; };
		54F0796E1F00CD0600B7C2D1 /* Main.storyboard in Resources */ = {isa = PBXBuildFile; fileRef = 54F0796C1F00CD0600B7C2D1 /* Main.storyboard */; };
		54F079731F00CD4500B7C2D1 /* Assets.xcassets in Resources */ = {isa = PBXBuildFile; fileRef = 54F0796F1F00CD4500B7C2D1 /* Assets.xcassets */; };
		54F079741F00CD4500B7C2D1 /* Base.lproj in Resources */ = {isa = PBXBuildFile; fileRef = 54F079701F00CD4500B7C2D1 /* Base.lproj */; };
		54F079751F00CD4500B7C2D1 /* Info.plist in Resources */ = {isa = PBXBuildFile; fileRef = 54F079711F00CD4500B7C2D1 /* Info.plist */; };
		54F079761F00CD4500B7C2D1 /* main.m in Sources */ = {isa = PBXBuildFile; fileRef = 54F079721F00CD4500B7C2D1 /* main.m */; };
/* End PBXBuildFile section */

/* Begin PBXFileReference section */
		549B4BC61EFE3E780002DC22 /* Photo Facebook.app */ = {isa = PBXFileReference; explicitFileType = wrapper.application; includeInIndex = 0; path = "Photo Facebook.app"; sourceTree = BUILT_PRODUCTS_DIR; };
		54BBD4311F00C094002CBC2C /* FBSDKCoreKit.framework */ = {isa = PBXFileReference; lastKnownFileType = wrapper.framework; path = FBSDKCoreKit.framework; sourceTree = "<group>"; };
		54BBD4321F00C094002CBC2C /* FBSDKLoginKit.framework */ = {isa = PBXFileReference; lastKnownFileType = wrapper.framework; path = FBSDKLoginKit.framework; sourceTree = "<group>"; };
		54BBD4351F00C094002CBC2C /* FBSDKShareKit.framework */ = {isa = PBXFileReference; lastKnownFileType = wrapper.framework; path = FBSDKShareKit.framework; sourceTree = "<group>"; };
		54BBD4441F00C3E1002CBC2C /* AccountKit.framework */ = {isa = PBXFileReference; lastKnownFileType = wrapper.framework; path = AccountKit.framework; sourceTree = "<group>"; };
		54F079571F00C86B00B7C2D1 /* AccountInformationViewController.h */ = {isa = PBXFileReference; fileEncoding = 4; lastKnownFileType = sourcecode.c.h; path = AccountInformationViewController.h; sourceTree = "<group>"; };
		54F079581F00C86B00B7C2D1 /* AccountInformationViewController.m */ = {isa = PBXFileReference; fileEncoding = 4; lastKnownFileType = sourcecode.c.objc; path = AccountInformationViewController.m; sourceTree = "<group>"; };
		54F079591F00C86B00B7C2D1 /* DetailPhotoViewController.h */ = {isa = PBXFileReference; fileEncoding = 4; lastKnownFileType = sourcecode.c.h; path = DetailPhotoViewController.h; sourceTree = "<group>"; };
		54F0795A1F00C86B00B7C2D1 /* DetailPhotoViewController.m */ = {isa = PBXFileReference; fileEncoding = 4; lastKnownFileType = sourcecode.c.objc; path = DetailPhotoViewController.m; sourceTree = "<group>"; };
		54F0795B1F00C86B00B7C2D1 /* LoginViewController.h */ = {isa = PBXFileReference; fileEncoding = 4; lastKnownFileType = sourcecode.c.h; path = LoginViewController.h; sourceTree = "<group>"; };
		54F0795C1F00C86B00B7C2D1 /* LoginViewController.m */ = {isa = PBXFileReference; fileEncoding = 4; lastKnownFileType = sourcecode.c.objc; path = LoginViewController.m; sourceTree = "<group>"; };
		54F0795D1F00C86B00B7C2D1 /* PhotoViewController.h */ = {isa = PBXFileReference; fileEncoding = 4; lastKnownFileType = sourcecode.c.h; path = PhotoViewController.h; sourceTree = "<group>"; };
		54F0795E1F00C86B00B7C2D1 /* PhotoViewController.m */ = {isa = PBXFileReference; fileEncoding = 4; lastKnownFileType = sourcecode.c.objc; path = PhotoViewController.m; sourceTree = "<group>"; };
		54F079641F00CAF300B7C2D1 /* AppDelegate.h */ = {isa = PBXFileReference; fileEncoding = 4; lastKnownFileType = sourcecode.c.h; path = AppDelegate.h; sourceTree = "<group>"; };
		54F079651F00CAF300B7C2D1 /* AppDelegate.m */ = {isa = PBXFileReference; fileEncoding = 4; lastKnownFileType = sourcecode.c.objc; path = AppDelegate.m; sourceTree = "<group>"; };
		54F079671F00CC6800B7C2D1 /* ConstantsSystem.h */ = {isa = PBXFileReference; fileEncoding = 4; lastKnownFileType = sourcecode.c.h; path = ConstantsSystem.h; sourceTree = "<group>"; };
		54F079681F00CC6800B7C2D1 /* ConstantsSystem.m */ = {isa = PBXFileReference; fileEncoding = 4; lastKnownFileType = sourcecode.c.objc; path = ConstantsSystem.m; sourceTree = "<group>"; };
		54F0796B1F00CD0600B7C2D1 /* LaunchScreen.storyboard */ = {isa = PBXFileReference; fileEncoding = 4; lastKnownFileType = file.storyboard; path = LaunchScreen.storyboard; sourceTree = "<group>"; };
		54F0796C1F00CD0600B7C2D1 /* Main.storyboard */ = {isa = PBXFileReference; fileEncoding = 4; lastKnownFileType = file.storyboard; path = Main.storyboard; sourceTree = "<group>"; };
		54F0796F1F00CD4500B7C2D1 /* Assets.xcassets */ = {isa = PBXFileReference; lastKnownFileType = folder.assetcatalog; path = Assets.xcassets; sourceTree = "<group>"; };
		54F079701F00CD4500B7C2D1 /* Base.lproj */ = {isa = PBXFileReference; lastKnownFileType = folder; path = Base.lproj; sourceTree = "<group>"; };
		54F079711F00CD4500B7C2D1 /* Info.plist */ = {isa = PBXFileReference; fileEncoding = 4; lastKnownFileType = text.plist.xml; path = Info.plist; sourceTree = "<group>"; };
		54F079721F00CD4500B7C2D1 /* main.m */ = {isa = PBXFileReference; fileEncoding = 4; lastKnownFileType = sourcecode.c.objc; path = main.m; sourceTree = "<group>"; };
/* End PBXFileReference section */

/* Begin PBXFrameworksBuildPhase section */
		549B4BC31EFE3E780002DC22 /* Frameworks */ = {
			isa = PBXFrameworksBuildPhase;
			buildActionMask = 2147483647;
			files = (
				54BBD43D1F00C094002CBC2C /* FBSDKCoreKit.framework in Frameworks */,
				54BBD4451F00C3E1002CBC2C /* AccountKit.framework in Frameworks */,
				54BBD4411F00C094002CBC2C /* FBSDKShareKit.framework in Frameworks */,
				54BBD43E1F00C094002CBC2C /* FBSDKLoginKit.framework in Frameworks */,
			);
			runOnlyForDeploymentPostprocessing = 0;
		};
/* End PBXFrameworksBuildPhase section */

/* Begin PBXGroup section */
		3906CAF31F009E21001EC3F1 /* Model */ = {
			isa = PBXGroup;
			children = (
			);
			path = Model;
			sourceTree = "<group>";
		};
		3906CAF41F009E28001EC3F1 /* View */ = {
			isa = PBXGroup;
			children = (
				54F0796B1F00CD0600B7C2D1 /* LaunchScreen.storyboard */,
				54F0796C1F00CD0600B7C2D1 /* Main.storyboard */,
			);
			path = View;
			sourceTree = "<group>";
		};
		3906CAF51F009E33001EC3F1 /* ViewController */ = {
			isa = PBXGroup;
			children = (
				54F079571F00C86B00B7C2D1 /* AccountInformationViewController.h */,
				54F079581F00C86B00B7C2D1 /* AccountInformationViewController.m */,
				54F079591F00C86B00B7C2D1 /* DetailPhotoViewController.h */,
				54F0795A1F00C86B00B7C2D1 /* DetailPhotoViewController.m */,
				54F0795B1F00C86B00B7C2D1 /* LoginViewController.h */,
				54F0795C1F00C86B00B7C2D1 /* LoginViewController.m */,
				54F0795D1F00C86B00B7C2D1 /* PhotoViewController.h */,
				54F0795E1F00C86B00B7C2D1 /* PhotoViewController.m */,
			);
			path = ViewController;
			sourceTree = "<group>";
		};
		549B4BBD1EFE3E780002DC22 = {
			isa = PBXGroup;
			children = (
				549B4BC81EFE3E780002DC22 /* Photo Facebook */,
				549B4BC71EFE3E780002DC22 /* Products */,
			);
			sourceTree = "<group>";
		};
		549B4BC71EFE3E780002DC22 /* Products */ = {
			isa = PBXGroup;
			children = (
				549B4BC61EFE3E780002DC22 /* Photo Facebook.app */,
			);
			name = Products;
			sourceTree = "<group>";
		};
		549B4BC81EFE3E780002DC22 /* Photo Facebook */ = {
			isa = PBXGroup;
			children = (
				54F0796A1F00CCAB00B7C2D1 /* Liberies */,
				54F079631F00CABC00B7C2D1 /* Support */,
				54BBD4231F00BB95002CBC2C /* Utility */,
				3906CAF51F009E33001EC3F1 /* ViewController */,
				3906CAF41F009E28001EC3F1 /* View */,
				3906CAF31F009E21001EC3F1 /* Model */,
			);
			path = "Photo Facebook";
			sourceTree = "<group>";
		};
		54BBD4231F00BB95002CBC2C /* Utility */ = {
			isa = PBXGroup;
			children = (
				54F079671F00CC6800B7C2D1 /* ConstantsSystem.h */,
				54F079681F00CC6800B7C2D1 /* ConstantsSystem.m */,
			);
			path = Utility;
			sourceTree = "<group>";
		};
		54BBD4241F00BBAD002CBC2C /* FBSDK */ = {
			isa = PBXGroup;
			children = (
				54BBD4441F00C3E1002CBC2C /* AccountKit.framework */,
				54BBD4311F00C094002CBC2C /* FBSDKCoreKit.framework */,
				54BBD4321F00C094002CBC2C /* FBSDKLoginKit.framework */,
				54BBD4351F00C094002CBC2C /* FBSDKShareKit.framework */,
			);
			name = FBSDK;
			path = ../FBSDK;
			sourceTree = "<group>";
		};
		54F079631F00CABC00B7C2D1 /* Support */ = {
			isa = PBXGroup;
			children = (
				54F0796F1F00CD4500B7C2D1 /* Assets.xcassets */,
				54F079701F00CD4500B7C2D1 /* Base.lproj */,
				54F079711F00CD4500B7C2D1 /* Info.plist */,
				54F079721F00CD4500B7C2D1 /* main.m */,
				54F079641F00CAF300B7C2D1 /* AppDelegate.h */,
				54F079651F00CAF300B7C2D1 /* AppDelegate.m */,
			);
			path = Support;
			sourceTree = "<group>";
		};
		54F0796A1F00CCAB00B7C2D1 /* Liberies */ = {
			isa = PBXGroup;
			children = (
				54BBD4241F00BBAD002CBC2C /* FBSDK */,
			);
			path = Liberies;
			sourceTree = "<group>";
		};
/* End PBXGroup section */

/* Begin PBXNativeTarget section */
		549B4BC51EFE3E780002DC22 /* Photo Facebook */ = {
			isa = PBXNativeTarget;
			buildConfigurationList = 549B4BDD1EFE3E780002DC22 /* Build configuration list for PBXNativeTarget "Photo Facebook" */;
			buildPhases = (
				549B4BC21EFE3E780002DC22 /* Sources */,
				549B4BC31EFE3E780002DC22 /* Frameworks */,
				549B4BC41EFE3E780002DC22 /* Resources */,
			);
			buildRules = (
			);
			dependencies = (
			);
			name = "Photo Facebook";
			productName = "Photo Facebook";
			productReference = 549B4BC61EFE3E780002DC22 /* Photo Facebook.app */;
			productType = "com.apple.product-type.application";
		};
/* End PBXNativeTarget section */

/* Begin PBXProject section */
		549B4BBE1EFE3E780002DC22 /* Project object */ = {
			isa = PBXProject;
			attributes = {
				LastUpgradeCheck = 0830;
				ORGANIZATIONNAME = KterKC;
				TargetAttributes = {
					549B4BC51EFE3E780002DC22 = {
						CreatedOnToolsVersion = 8.3.3;
						ProvisioningStyle = Automatic;
					};
				};
			};
			buildConfigurationList = 549B4BC11EFE3E780002DC22 /* Build configuration list for PBXProject "Photo Facebook" */;
			compatibilityVersion = "Xcode 3.2";
			developmentRegion = English;
			hasScannedForEncodings = 0;
			knownRegions = (
				en,
				Base,
			);
			mainGroup = 549B4BBD1EFE3E780002DC22;
			productRefGroup = 549B4BC71EFE3E780002DC22 /* Products */;
			projectDirPath = "";
			projectRoot = "";
			targets = (
				549B4BC51EFE3E780002DC22 /* Photo Facebook */,
			);
		};
/* End PBXProject section */

/* Begin PBXResourcesBuildPhase section */
		549B4BC41EFE3E780002DC22 /* Resources */ = {
			isa = PBXResourcesBuildPhase;
			buildActionMask = 2147483647;
			files = (
				54F0796D1F00CD0600B7C2D1 /* LaunchScreen.storyboard in Resources */,
				54F079731F00CD4500B7C2D1 /* Assets.xcassets in Resources */,
				54F079741F00CD4500B7C2D1 /* Base.lproj in Resources */,
				54F079751F00CD4500B7C2D1 /* Info.plist in Resources */,
				54F0796E1F00CD0600B7C2D1 /* Main.storyboard in Resources */,
			);
			runOnlyForDeploymentPostprocessing = 0;
		};
/* End PBXResourcesBuildPhase section */

/* Begin PBXSourcesBuildPhase section */
		549B4BC21EFE3E780002DC22 /* Sources */ = {
			isa = PBXSourcesBuildPhase;
			buildActionMask = 2147483647;
			files = (
				54F079611F00C86B00B7C2D1 /* LoginViewController.m in Sources */,
				54F079601F00C86B00B7C2D1 /* DetailPhotoViewController.m in Sources */,
				54F079691F00CC6800B7C2D1 /* ConstantsSystem.m in Sources */,
				54F079661F00CAF300B7C2D1 /* AppDelegate.m in Sources */,
				54F0795F1F00C86B00B7C2D1 /* AccountInformationViewController.m in Sources */,
				54F079761F00CD4500B7C2D1 /* main.m in Sources */,
				54F079621F00C86B00B7C2D1 /* PhotoViewController.m in Sources */,
			);
			runOnlyForDeploymentPostprocessing = 0;
		};
/* End PBXSourcesBuildPhase section */

/* Begin XCBuildConfiguration section */
		549B4BDB1EFE3E780002DC22 /* Debug */ = {
			isa = XCBuildConfiguration;
			buildSettings = {
				ALWAYS_SEARCH_USER_PATHS = NO;
				CLANG_ANALYZER_NONNULL = YES;
				CLANG_ANALYZER_NUMBER_OBJECT_CONVERSION = YES_AGGRESSIVE;
				CLANG_CXX_LANGUAGE_STANDARD = "gnu++0x";
				CLANG_CXX_LIBRARY = "libc++";
				CLANG_ENABLE_MODULES = YES;
				CLANG_ENABLE_OBJC_ARC = YES;
				CLANG_WARN_BOOL_CONVERSION = YES;
				CLANG_WARN_CONSTANT_CONVERSION = YES;
				CLANG_WARN_DIRECT_OBJC_ISA_USAGE = YES_ERROR;
				CLANG_WARN_DOCUMENTATION_COMMENTS = YES;
				CLANG_WARN_EMPTY_BODY = YES;
				CLANG_WARN_ENUM_CONVERSION = YES;
				CLANG_WARN_INFINITE_RECURSION = YES;
				CLANG_WARN_INT_CONVERSION = YES;
				CLANG_WARN_OBJC_ROOT_CLASS = YES_ERROR;
				CLANG_WARN_SUSPICIOUS_MOVE = YES;
				CLANG_WARN_UNREACHABLE_CODE = YES;
				CLANG_WARN__DUPLICATE_METHOD_MATCH = YES;
				"CODE_SIGN_IDENTITY[sdk=iphoneos*]" = "iPhone Developer";
				COPY_PHASE_STRIP = NO;
				DEBUG_INFORMATION_FORMAT = dwarf;
				ENABLE_STRICT_OBJC_MSGSEND = YES;
				ENABLE_TESTABILITY = YES;
				GCC_C_LANGUAGE_STANDARD = gnu99;
				GCC_DYNAMIC_NO_PIC = NO;
				GCC_NO_COMMON_BLOCKS = YES;
				GCC_OPTIMIZATION_LEVEL = 0;
				GCC_PREPROCESSOR_DEFINITIONS = (
					"DEBUG=1",
					"$(inherited)",
				);
				GCC_WARN_64_TO_32_BIT_CONVERSION = YES;
				GCC_WARN_ABOUT_RETURN_TYPE = YES_ERROR;
				GCC_WARN_UNDECLARED_SELECTOR = YES;
				GCC_WARN_UNINITIALIZED_AUTOS = YES_AGGRESSIVE;
				GCC_WARN_UNUSED_FUNCTION = YES;
				GCC_WARN_UNUSED_VARIABLE = YES;
				IPHONEOS_DEPLOYMENT_TARGET = 10.3;
				MTL_ENABLE_DEBUG_INFO = YES;
				ONLY_ACTIVE_ARCH = YES;
				SDKROOT = iphoneos;
				TARGETED_DEVICE_FAMILY = "1,2";
			};
			name = Debug;
		};
		549B4BDC1EFE3E780002DC22 /* Release */ = {
			isa = XCBuildConfiguration;
			buildSettings = {
				ALWAYS_SEARCH_USER_PATHS = NO;
				CLANG_ANALYZER_NONNULL = YES;
				CLANG_ANALYZER_NUMBER_OBJECT_CONVERSION = YES_AGGRESSIVE;
				CLANG_CXX_LANGUAGE_STANDARD = "gnu++0x";
				CLANG_CXX_LIBRARY = "libc++";
				CLANG_ENABLE_MODULES = YES;
				CLANG_ENABLE_OBJC_ARC = YES;
				CLANG_WARN_BOOL_CONVERSION = YES;
				CLANG_WARN_CONSTANT_CONVERSION = YES;
				CLANG_WARN_DIRECT_OBJC_ISA_USAGE = YES_ERROR;
				CLANG_WARN_DOCUMENTATION_COMMENTS = YES;
				CLANG_WARN_EMPTY_BODY = YES;
				CLANG_WARN_ENUM_CONVERSION = YES;
				CLANG_WARN_INFINITE_RECURSION = YES;
				CLANG_WARN_INT_CONVERSION = YES;
				CLANG_WARN_OBJC_ROOT_CLASS = YES_ERROR;
				CLANG_WARN_SUSPICIOUS_MOVE = YES;
				CLANG_WARN_UNREACHABLE_CODE = YES;
				CLANG_WARN__DUPLICATE_METHOD_MATCH = YES;
				"CODE_SIGN_IDENTITY[sdk=iphoneos*]" = "iPhone Developer";
				COPY_PHASE_STRIP = NO;
				DEBUG_INFORMATION_FORMAT = "dwarf-with-dsym";
				ENABLE_NS_ASSERTIONS = NO;
				ENABLE_STRICT_OBJC_MSGSEND = YES;
				GCC_C_LANGUAGE_STANDARD = gnu99;
				GCC_NO_COMMON_BLOCKS = YES;
				GCC_WARN_64_TO_32_BIT_CONVERSION = YES;
				GCC_WARN_ABOUT_RETURN_TYPE = YES_ERROR;
				GCC_WARN_UNDECLARED_SELECTOR = YES;
				GCC_WARN_UNINITIALIZED_AUTOS = YES_AGGRESSIVE;
				GCC_WARN_UNUSED_FUNCTION = YES;
				GCC_WARN_UNUSED_VARIABLE = YES;
				IPHONEOS_DEPLOYMENT_TARGET = 10.3;
				MTL_ENABLE_DEBUG_INFO = NO;
				SDKROOT = iphoneos;
				TARGETED_DEVICE_FAMILY = "1,2";
				VALIDATE_PRODUCT = YES;
			};
			name = Release;
		};
		549B4BDE1EFE3E780002DC22 /* Debug */ = {
			isa = XCBuildConfiguration;
			buildSettings = {
				ASSETCATALOG_COMPILER_APPICON_NAME = AppIcon;
				FRAMEWORK_SEARCH_PATHS = (
					"$(inherited)",
					"$(PROJECT_DIR)/Photo\\ Facebook/FBSDK",
					"$(PROJECT_DIR)/Photo\\ Facebook/FBSDK",
					"$(PROJECT_DIR)/Photo\\ Facebook/FBSDK",
					"$(PROJECT_DIR)/Photo\\ Facebook/FBSDK",
					"$(PROJECT_DIR)/Photo\\ Facebook/FBSDK",
					"$(PROJECT_DIR)/Photo\\ Facebook/FBSDK",
					"$(PROJECT_DIR)/Photo\\ Facebook/FBSDK",
					"$(PROJECT_DIR)/Photo\\ Facebook/FBSDK",
					"$(PROJECT_DIR)/Photo\\ Facebook/FBSDK",
					"$(PROJECT_DIR)/Photo\\ Facebook/FBSDK",
					"$(PROJECT_DIR)/Photo\\ Facebook/FBSDK",
				);
				INFOPLIST_FILE = "Photo Facebook/Info.plist";
				LD_RUNPATH_SEARCH_PATHS = "$(inherited) @executable_path/Frameworks";
				PRODUCT_BUNDLE_IDENTIFIER = "Kter.KC.Photo-Facebook";
				PRODUCT_NAME = "$(TARGET_NAME)";
			};
			name = Debug;
		};
		549B4BDF1EFE3E780002DC22 /* Release */ = {
			isa = XCBuildConfiguration;
			buildSettings = {
				ASSETCATALOG_COMPILER_APPICON_NAME = AppIcon;
				FRAMEWORK_SEARCH_PATHS = (
					"$(inherited)",
					"$(PROJECT_DIR)/Photo\\ Facebook/FBSDK",
					"$(PROJECT_DIR)/Photo\\ Facebook/FBSDK",
					"$(PROJECT_DIR)/Photo\\ Facebook/FBSDK",
					"$(PROJECT_DIR)/Photo\\ Facebook/FBSDK",
					"$(PROJECT_DIR)/Photo\\ Facebook/FBSDK",
					"$(PROJECT_DIR)/Photo\\ Facebook/FBSDK",
					"$(PROJECT_DIR)/Photo\\ Facebook/FBSDK",
					"$(PROJECT_DIR)/Photo\\ Facebook/FBSDK",
					"$(PROJECT_DIR)/Photo\\ Facebook/FBSDK",
					"$(PROJECT_DIR)/Photo\\ Facebook/FBSDK",
					"$(PROJECT_DIR)/Photo\\ Facebook/FBSDK",
				);
				INFOPLIST_FILE = "Photo Facebook/Info.plist";
				LD_RUNPATH_SEARCH_PATHS = "$(inherited) @executable_path/Frameworks";
				PRODUCT_BUNDLE_IDENTIFIER = "Kter.KC.Photo-Facebook";
				PRODUCT_NAME = "$(TARGET_NAME)";
			};
			name = Release;
		};
/* End XCBuildConfiguration section */

/* Begin XCConfigurationList section */
		549B4BC11EFE3E780002DC22 /* Build configuration list for PBXProject "Photo Facebook" */ = {
			isa = XCConfigurationList;
			buildConfigurations = (
				549B4BDB1EFE3E780002DC22 /* Debug */,
				549B4BDC1EFE3E780002DC22 /* Release */,
			);
			defaultConfigurationIsVisible = 0;
			defaultConfigurationName = Release;
		};
		549B4BDD1EFE3E780002DC22 /* Build configuration list for PBXNativeTarget "Photo Facebook" */ = {
			isa = XCConfigurationList;
			buildConfigurations = (
				549B4BDE1EFE3E780002DC22 /* Debug */,
				549B4BDF1EFE3E780002DC22 /* Release */,
			);
			defaultConfigurationIsVisible = 0;
			defaultConfigurationName = Release;
		};
/* End XCConfigurationList section */
	};
	rootObject = 549B4BBE1EFE3E780002DC22 /* Project object */;
}
