// !$*UTF8*$!
{
	archiveVersion = 1;
	classes = {
	};
	objectVersion = 46;
	objects = {

/* Begin PBXBuildFile section */
		549B4BCB1EFE3E780002DC22 /* main.m in Sources */ = {isa = PBXBuildFile; fileRef = 549B4BCA1EFE3E780002DC22 /* main.m */; };
		549B4BCE1EFE3E780002DC22 /* AppDelegate.m in Sources */ = {isa = PBXBuildFile; fileRef = 549B4BCD1EFE3E780002DC22 /* AppDelegate.m */; };
		549B4BD41EFE3E780002DC22 /* Main.storyboard in Resources */ = {isa = PBXBuildFile; fileRef = 549B4BD21EFE3E780002DC22 /* Main.storyboard */; };
		549B4BD61EFE3E780002DC22 /* Assets.xcassets in Resources */ = {isa = PBXBuildFile; fileRef = 549B4BD51EFE3E780002DC22 /* Assets.xcassets */; };
		549B4BD91EFE3E780002DC22 /* LaunchScreen.storyboard in Resources */ = {isa = PBXBuildFile; fileRef = 549B4BD71EFE3E780002DC22 /* LaunchScreen.storyboard */; };
		54BBD4191F00B9D5002CBC2C /* LoginViewController.m in Sources */ = {isa = PBXBuildFile; fileRef = 54BBD4181F00B9D5002CBC2C /* LoginViewController.m */; };
		54BBD41C1F00B9FD002CBC2C /* AccountInformationViewController.m in Sources */ = {isa = PBXBuildFile; fileRef = 54BBD41B1F00B9FD002CBC2C /* AccountInformationViewController.m */; };
		54BBD41F1F00BA5E002CBC2C /* PhotoViewController.m in Sources */ = {isa = PBXBuildFile; fileRef = 54BBD41E1F00BA5E002CBC2C /* PhotoViewController.m */; };
		54BBD4221F00BA94002CBC2C /* DetailPhotoViewController.m in Sources */ = {isa = PBXBuildFile; fileRef = 54BBD4211F00BA94002CBC2C /* DetailPhotoViewController.m */; };
		54BBD42B1F00BF0D002CBC2C /* ConstantsSystem.m in Sources */ = {isa = PBXBuildFile; fileRef = 54BBD42A1F00BF0D002CBC2C /* ConstantsSystem.m */; };
		54BBD43D1F00C094002CBC2C /* FBSDKCoreKit.framework in Frameworks */ = {isa = PBXBuildFile; fileRef = 54BBD4311F00C094002CBC2C /* FBSDKCoreKit.framework */; };
		54BBD43E1F00C094002CBC2C /* FBSDKLoginKit.framework in Frameworks */ = {isa = PBXBuildFile; fileRef = 54BBD4321F00C094002CBC2C /* FBSDKLoginKit.framework */; };
		54BBD4411F00C094002CBC2C /* FBSDKShareKit.framework in Frameworks */ = {isa = PBXBuildFile; fileRef = 54BBD4351F00C094002CBC2C /* FBSDKShareKit.framework */; };
		54BBD4451F00C3E1002CBC2C /* AccountKit.framework in Frameworks */ = {isa = PBXBuildFile; fileRef = 54BBD4441F00C3E1002CBC2C /* AccountKit.framework */; };
/* End PBXBuildFile section */

/* Begin PBXFileReference section */
		549B4BC61EFE3E780002DC22 /* Photo Facebook.app */ = {isa = PBXFileReference; explicitFileType = wrapper.application; includeInIndex = 0; path = "Photo Facebook.app"; sourceTree = BUILT_PRODUCTS_DIR; };
		549B4BCA1EFE3E780002DC22 /* main.m */ = {isa = PBXFileReference; lastKnownFileType = sourcecode.c.objc; path = main.m; sourceTree = "<group>"; };
		549B4BCC1EFE3E780002DC22 /* AppDelegate.h */ = {isa = PBXFileReference; lastKnownFileType = sourcecode.c.h; path = AppDelegate.h; sourceTree = "<group>"; };
		549B4BCD1EFE3E780002DC22 /* AppDelegate.m */ = {isa = PBXFileReference; lastKnownFileType = sourcecode.c.objc; path = AppDelegate.m; sourceTree = "<group>"; };
		549B4BD31EFE3E780002DC22 /* Base */ = {isa = PBXFileReference; lastKnownFileType = file.storyboard; name = Base; path = Base.lproj/Main.storyboard; sourceTree = "<group>"; };
		549B4BD51EFE3E780002DC22 /* Assets.xcassets */ = {isa = PBXFileReference; lastKnownFileType = folder.assetcatalog; path = Assets.xcassets; sourceTree = "<group>"; };
		549B4BD81EFE3E780002DC22 /* Base */ = {isa = PBXFileReference; lastKnownFileType = file.storyboard; name = Base; path = Base.lproj/LaunchScreen.storyboard; sourceTree = "<group>"; };
		549B4BDA1EFE3E780002DC22 /* Info.plist */ = {isa = PBXFileReference; lastKnownFileType = text.plist.xml; path = Info.plist; sourceTree = "<group>"; };
		54BBD4171F00B9D5002CBC2C /* LoginViewController.h */ = {isa = PBXFileReference; fileEncoding = 4; lastKnownFileType = sourcecode.c.h; name = LoginViewController.h; path = ../LoginViewController.h; sourceTree = "<group>"; };
		54BBD4181F00B9D5002CBC2C /* LoginViewController.m */ = {isa = PBXFileReference; fileEncoding = 4; lastKnownFileType = sourcecode.c.objc; name = LoginViewController.m; path = ../LoginViewController.m; sourceTree = "<group>"; };
		54BBD41A1F00B9FD002CBC2C /* AccountInformationViewController.h */ = {isa = PBXFileReference; fileEncoding = 4; lastKnownFileType = sourcecode.c.h; name = AccountInformationViewController.h; path = ../AccountInformationViewController.h; sourceTree = "<group>"; };
		54BBD41B1F00B9FD002CBC2C /* AccountInformationViewController.m */ = {isa = PBXFileReference; fileEncoding = 4; lastKnownFileType = sourcecode.c.objc; name = AccountInformationViewController.m; path = ../AccountInformationViewController.m; sourceTree = "<group>"; };
		54BBD41D1F00BA5E002CBC2C /* PhotoViewController.h */ = {isa = PBXFileReference; fileEncoding = 4; lastKnownFileType = sourcecode.c.h; name = PhotoViewController.h; path = ../PhotoViewController.h; sourceTree = "<group>"; };
		54BBD41E1F00BA5E002CBC2C /* PhotoViewController.m */ = {isa = PBXFileReference; fileEncoding = 4; lastKnownFileType = sourcecode.c.objc; name = PhotoViewController.m; path = ../PhotoViewController.m; sourceTree = "<group>"; };
		54BBD4201F00BA94002CBC2C /* DetailPhotoViewController.h */ = {isa = PBXFileReference; fileEncoding = 4; lastKnownFileType = sourcecode.c.h; name = DetailPhotoViewController.h; path = ../DetailPhotoViewController.h; sourceTree = "<group>"; };
		54BBD4211F00BA94002CBC2C /* DetailPhotoViewController.m */ = {isa = PBXFileReference; fileEncoding = 4; lastKnownFileType = sourcecode.c.objc; name = DetailPhotoViewController.m; path = ../DetailPhotoViewController.m; sourceTree = "<group>"; };
		54BBD4291F00BF0D002CBC2C /* ConstantsSystem.h */ = {isa = PBXFileReference; fileEncoding = 4; lastKnownFileType = sourcecode.c.h; path = ConstantsSystem.h; sourceTree = "<group>"; };
		54BBD42A1F00BF0D002CBC2C /* ConstantsSystem.m */ = {isa = PBXFileReference; fileEncoding = 4; lastKnownFileType = sourcecode.c.objc; path = ConstantsSystem.m; sourceTree = "<group>"; };
		54BBD4311F00C094002CBC2C /* FBSDKCoreKit.framework */ = {isa = PBXFileReference; lastKnownFileType = wrapper.framework; path = FBSDKCoreKit.framework; sourceTree = "<group>"; };
		54BBD4321F00C094002CBC2C /* FBSDKLoginKit.framework */ = {isa = PBXFileReference; lastKnownFileType = wrapper.framework; path = FBSDKLoginKit.framework; sourceTree = "<group>"; };
		54BBD4351F00C094002CBC2C /* FBSDKShareKit.framework */ = {isa = PBXFileReference; lastKnownFileType = wrapper.framework; path = FBSDKShareKit.framework; sourceTree = "<group>"; };
		54BBD4441F00C3E1002CBC2C /* AccountKit.framework */ = {isa = PBXFileReference; lastKnownFileType = wrapper.framework; path = AccountKit.framework; sourceTree = "<group>"; };
/* End PBXFileReference section */

/* Begin PBXFrameworksBuildPhase section */
		549B4BC31EFE3E780002DC22 /* Frameworks */ = {
			isa = PBXFrameworksBuildPhase;
			buildActionMask = 2147483647;
			files = (
				54BBD43D1F00C094002CBC2C /* FBSDKCoreKit.framework in Frameworks */,
				54BBD4451F00C3E1002CBC2C /* AccountKit.framework in Frameworks */,
				54BBD4411F00C094002CBC2C /* FBSDKShareKit.framework in Frameworks */,
				54BBD43E1F00C094002CBC2C /* FBSDKLoginKit.framework in Frameworks */,
			);
			runOnlyForDeploymentPostprocessing = 0;
		};
/* End PBXFrameworksBuildPhase section */

/* Begin PBXGroup section */
		3906CAF31F009E21001EC3F1 /* Model */ = {
			isa = PBXGroup;
			children = (
			);
			path = Model;
			sourceTree = "<group>";
		};
		3906CAF41F009E28001EC3F1 /* View */ = {
			isa = PBXGroup;
			children = (
				549B4BD71EFE3E780002DC22 /* LaunchScreen.storyboard */,
				549B4BD21EFE3E780002DC22 /* Main.storyboard */,
			);
			path = View;
			sourceTree = "<group>";
		};
		3906CAF51F009E33001EC3F1 /* ViewController */ = {
			isa = PBXGroup;
			children = (
				54BBD4171F00B9D5002CBC2C /* LoginViewController.h */,
				54BBD4181F00B9D5002CBC2C /* LoginViewController.m */,
				54BBD41A1F00B9FD002CBC2C /* AccountInformationViewController.h */,
				54BBD41B1F00B9FD002CBC2C /* AccountInformationViewController.m */,
				54BBD41D1F00BA5E002CBC2C /* PhotoViewController.h */,
				54BBD41E1F00BA5E002CBC2C /* PhotoViewController.m */,
				54BBD4201F00BA94002CBC2C /* DetailPhotoViewController.h */,
				54BBD4211F00BA94002CBC2C /* DetailPhotoViewController.m */,
			);
			path = ViewController;
			sourceTree = "<group>";
		};
		549B4BBD1EFE3E780002DC22 = {
			isa = PBXGroup;
			children = (
				549B4BC81EFE3E780002DC22 /* Photo Facebook */,
				549B4BC71EFE3E780002DC22 /* Products */,
			);
			sourceTree = "<group>";
		};
		549B4BC71EFE3E780002DC22 /* Products */ = {
			isa = PBXGroup;
			children = (
				549B4BC61EFE3E780002DC22 /* Photo Facebook.app */,
			);
			name = Products;
			sourceTree = "<group>";
		};
		549B4BC81EFE3E780002DC22 /* Photo Facebook */ = {
			isa = PBXGroup;
			children = (
				54BBD4241F00BBAD002CBC2C /* FBSDK */,
				54BBD4231F00BB95002CBC2C /* Utility */,
				3906CAF51F009E33001EC3F1 /* ViewController */,
				3906CAF41F009E28001EC3F1 /* View */,
				3906CAF31F009E21001EC3F1 /* Model */,
				549B4BCC1EFE3E780002DC22 /* AppDelegate.h */,
				549B4BCD1EFE3E780002DC22 /* AppDelegate.m */,
				549B4BD51EFE3E780002DC22 /* Assets.xcassets */,
				549B4BDA1EFE3E780002DC22 /* Info.plist */,
				549B4BC91EFE3E780002DC22 /* Supporting Files */,
			);
			path = "Photo Facebook";
			sourceTree = "<group>";
		};
		549B4BC91EFE3E780002DC22 /* Supporting Files */ = {
			isa = PBXGroup;
			children = (
				549B4BCA1EFE3E780002DC22 /* main.m */,
			);
			name = "Supporting Files";
			sourceTree = "<group>";
		};
		54BBD4231F00BB95002CBC2C /* Utility */ = {
			isa = PBXGroup;
			children = (
				54BBD4291F00BF0D002CBC2C /* ConstantsSystem.h */,
				54BBD42A1F00BF0D002CBC2C /* ConstantsSystem.m */,
			);
			name = Utility;
			sourceTree = "<group>";
		};
		54BBD4241F00BBAD002CBC2C /* FBSDK */ = {
			isa = PBXGroup;
			children = (
				54BBD4441F00C3E1002CBC2C /* AccountKit.framework */,
				54BBD4311F00C094002CBC2C /* FBSDKCoreKit.framework */,
				54BBD4321F00C094002CBC2C /* FBSDKLoginKit.framework */,
				54BBD4351F00C094002CBC2C /* FBSDKShareKit.framework */,
			);
			path = FBSDK;
			sourceTree = "<group>";
		};
/* End PBXGroup section */

/* Begin PBXNativeTarget section */
		549B4BC51EFE3E780002DC22 /* Photo Facebook */ = {
			isa = PBXNativeTarget;
			buildConfigurationList = 549B4BDD1EFE3E780002DC22 /* Build configuration list for PBXNativeTarget "Photo Facebook" */;
			buildPhases = (
				549B4BC21EFE3E780002DC22 /* Sources */,
				549B4BC31EFE3E780002DC22 /* Frameworks */,
				549B4BC41EFE3E780002DC22 /* Resources */,
			);
			buildRules = (
			);
			dependencies = (
			);
			name = "Photo Facebook";
			productName = "Photo Facebook";
			productReference = 549B4BC61EFE3E780002DC22 /* Photo Facebook.app */;
			productType = "com.apple.product-type.application";
		};
/* End PBXNativeTarget section */

/* Begin PBXProject section */
		549B4BBE1EFE3E780002DC22 /* Project object */ = {
			isa = PBXProject;
			attributes = {
				LastUpgradeCheck = 0830;
				ORGANIZATIONNAME = KterKC;
				TargetAttributes = {
					549B4BC51EFE3E780002DC22 = {
						CreatedOnToolsVersion = 8.3.3;
						ProvisioningStyle = Automatic;
					};
				};
			};
			buildConfigurationList = 549B4BC11EFE3E780002DC22 /* Build configuration list for PBXProject "Photo Facebook" */;
			compatibilityVersion = "Xcode 3.2";
			developmentRegion = English;
			hasScannedForEncodings = 0;
			knownRegions = (
				en,
				Base,
			);
			mainGroup = 549B4BBD1EFE3E780002DC22;
			productRefGroup = 549B4BC71EFE3E780002DC22 /* Products */;
			projectDirPath = "";
			projectRoot = "";
			targets = (
				549B4BC51EFE3E780002DC22 /* Photo Facebook */,
			);
		};
/* End PBXProject section */

/* Begin PBXResourcesBuildPhase section */
		549B4BC41EFE3E780002DC22 /* Resources */ = {
			isa = PBXResourcesBuildPhase;
			buildActionMask = 2147483647;
			files = (
				549B4BD91EFE3E780002DC22 /* LaunchScreen.storyboard in Resources */,
				549B4BD61EFE3E780002DC22 /* Assets.xcassets in Resources */,
				549B4BD41EFE3E780002DC22 /* Main.storyboard in Resources */,
			);
			runOnlyForDeploymentPostprocessing = 0;
		};
/* End PBXResourcesBuildPhase section */

/* Begin PBXSourcesBuildPhase section */
		549B4BC21EFE3E780002DC22 /* Sources */ = {
			isa = PBXSourcesBuildPhase;
			buildActionMask = 2147483647;
			files = (
				549B4BCE1EFE3E780002DC22 /* AppDelegate.m in Sources */,
				549B4BCB1EFE3E780002DC22 /* main.m in Sources */,
				54BBD4191F00B9D5002CBC2C /* LoginViewController.m in Sources */,
				54BBD42B1F00BF0D002CBC2C /* ConstantsSystem.m in Sources */,
				54BBD41C1F00B9FD002CBC2C /* AccountInformationViewController.m in Sources */,
				54BBD4221F00BA94002CBC2C /* DetailPhotoViewController.m in Sources */,
				54BBD41F1F00BA5E002CBC2C /* PhotoViewController.m in Sources */,
			);
			runOnlyForDeploymentPostprocessing = 0;
		};
/* End PBXSourcesBuildPhase section */

/* Begin PBXVariantGroup section */
		549B4BD21EFE3E780002DC22 /* Main.storyboard */ = {
			isa = PBXVariantGroup;
			children = (
				549B4BD31EFE3E780002DC22 /* Base */,
			);
			name = Main.storyboard;
			path = ..;
			sourceTree = "<group>";
		};
		549B4BD71EFE3E780002DC22 /* LaunchScreen.storyboard */ = {
			isa = PBXVariantGroup;
			children = (
				549B4BD81EFE3E780002DC22 /* Base */,
			);
			name = LaunchScreen.storyboard;
			path = ..;
			sourceTree = "<group>";
		};
/* End PBXVariantGroup section */

/* Begin XCBuildConfiguration section */
		549B4BDB1EFE3E780002DC22 /* Debug */ = {
			isa = XCBuildConfiguration;
			buildSettings = {
				ALWAYS_SEARCH_USER_PATHS = NO;
				CLANG_ANALYZER_NONNULL = YES;
				CLANG_ANALYZER_NUMBER_OBJECT_CONVERSION = YES_AGGRESSIVE;
				CLANG_CXX_LANGUAGE_STANDARD = "gnu++0x";
				CLANG_CXX_LIBRARY = "libc++";
				CLANG_ENABLE_MODULES = YES;
				CLANG_ENABLE_OBJC_ARC = YES;
				CLANG_WARN_BOOL_CONVERSION = YES;
				CLANG_WARN_CONSTANT_CONVERSION = YES;
				CLANG_WARN_DIRECT_OBJC_ISA_USAGE = YES_ERROR;
				CLANG_WARN_DOCUMENTATION_COMMENTS = YES;
				CLANG_WARN_EMPTY_BODY = YES;
				CLANG_WARN_ENUM_CONVERSION = YES;
				CLANG_WARN_INFINITE_RECURSION = YES;
				CLANG_WARN_INT_CONVERSION = YES;
				CLANG_WARN_OBJC_ROOT_CLASS = YES_ERROR;
				CLANG_WARN_SUSPICIOUS_MOVE = YES;
				CLANG_WARN_UNREACHABLE_CODE = YES;
				CLANG_WARN__DUPLICATE_METHOD_MATCH = YES;
				"CODE_SIGN_IDENTITY[sdk=iphoneos*]" = "iPhone Developer";
				COPY_PHASE_STRIP = NO;
				DEBUG_INFORMATION_FORMAT = dwarf;
				ENABLE_STRICT_OBJC_MSGSEND = YES;
				ENABLE_TESTABILITY = YES;
				GCC_C_LANGUAGE_STANDARD = gnu99;
				GCC_DYNAMIC_NO_PIC = NO;
				GCC_NO_COMMON_BLOCKS = YES;
				GCC_OPTIMIZATION_LEVEL = 0;
				GCC_PREPROCESSOR_DEFINITIONS = (
					"DEBUG=1",
					"$(inherited)",
				);
				GCC_WARN_64_TO_32_BIT_CONVERSION = YES;
				GCC_WARN_ABOUT_RETURN_TYPE = YES_ERROR;
				GCC_WARN_UNDECLARED_SELECTOR = YES;
				GCC_WARN_UNINITIALIZED_AUTOS = YES_AGGRESSIVE;
				GCC_WARN_UNUSED_FUNCTION = YES;
				GCC_WARN_UNUSED_VARIABLE = YES;
				IPHONEOS_DEPLOYMENT_TARGET = 10.3;
				MTL_ENABLE_DEBUG_INFO = YES;
				ONLY_ACTIVE_ARCH = YES;
				SDKROOT = iphoneos;
				TARGETED_DEVICE_FAMILY = "1,2";
			};
			name = Debug;
		};
		549B4BDC1EFE3E780002DC22 /* Release */ = {
			isa = XCBuildConfiguration;
			buildSettings = {
				ALWAYS_SEARCH_USER_PATHS = NO;
				CLANG_ANALYZER_NONNULL = YES;
				CLANG_ANALYZER_NUMBER_OBJECT_CONVERSION = YES_AGGRESSIVE;
				CLANG_CXX_LANGUAGE_STANDARD = "gnu++0x";
				CLANG_CXX_LIBRARY = "libc++";
				CLANG_ENABLE_MODULES = YES;
				CLANG_ENABLE_OBJC_ARC = YES;
				CLANG_WARN_BOOL_CONVERSION = YES;
				CLANG_WARN_CONSTANT_CONVERSION = YES;
				CLANG_WARN_DIRECT_OBJC_ISA_USAGE = YES_ERROR;
				CLANG_WARN_DOCUMENTATION_COMMENTS = YES;
				CLANG_WARN_EMPTY_BODY = YES;
				CLANG_WARN_ENUM_CONVERSION = YES;
				CLANG_WARN_INFINITE_RECURSION = YES;
				CLANG_WARN_INT_CONVERSION = YES;
				CLANG_WARN_OBJC_ROOT_CLASS = YES_ERROR;
				CLANG_WARN_SUSPICIOUS_MOVE = YES;
				CLANG_WARN_UNREACHABLE_CODE = YES;
				CLANG_WARN__DUPLICATE_METHOD_MATCH = YES;
				"CODE_SIGN_IDENTITY[sdk=iphoneos*]" = "iPhone Developer";
				COPY_PHASE_STRIP = NO;
				DEBUG_INFORMATION_FORMAT = "dwarf-with-dsym";
				ENABLE_NS_ASSERTIONS = NO;
				ENABLE_STRICT_OBJC_MSGSEND = YES;
				GCC_C_LANGUAGE_STANDARD = gnu99;
				GCC_NO_COMMON_BLOCKS = YES;
				GCC_WARN_64_TO_32_BIT_CONVERSION = YES;
				GCC_WARN_ABOUT_RETURN_TYPE = YES_ERROR;
				GCC_WARN_UNDECLARED_SELECTOR = YES;
				GCC_WARN_UNINITIALIZED_AUTOS = YES_AGGRESSIVE;
				GCC_WARN_UNUSED_FUNCTION = YES;
				GCC_WARN_UNUSED_VARIABLE = YES;
				IPHONEOS_DEPLOYMENT_TARGET = 10.3;
				MTL_ENABLE_DEBUG_INFO = NO;
				SDKROOT = iphoneos;
				TARGETED_DEVICE_FAMILY = "1,2";
				VALIDATE_PRODUCT = YES;
			};
			name = Release;
		};
		549B4BDE1EFE3E780002DC22 /* Debug */ = {
			isa = XCBuildConfiguration;
			buildSettings = {
				ASSETCATALOG_COMPILER_APPICON_NAME = AppIcon;
				FRAMEWORK_SEARCH_PATHS = (
					"$(inherited)",
					"$(PROJECT_DIR)/Photo\\ Facebook/FBSDK",
					"$(PROJECT_DIR)/Photo\\ Facebook/FBSDK",
					"$(PROJECT_DIR)/Photo\\ Facebook/FBSDK",
					"$(PROJECT_DIR)/Photo\\ Facebook/FBSDK",
					"$(PROJECT_DIR)/Photo\\ Facebook/FBSDK",
					"$(PROJECT_DIR)/Photo\\ Facebook/FBSDK",
					"$(PROJECT_DIR)/Photo\\ Facebook/FBSDK",
					"$(PROJECT_DIR)/Photo\\ Facebook/FBSDK",
					"$(PROJECT_DIR)/Photo\\ Facebook/FBSDK",
					"$(PROJECT_DIR)/Photo\\ Facebook/FBSDK",
					"$(PROJECT_DIR)/Photo\\ Facebook/FBSDK",
				);
				INFOPLIST_FILE = "Photo Facebook/Info.plist";
				LD_RUNPATH_SEARCH_PATHS = "$(inherited) @executable_path/Frameworks";
				PRODUCT_BUNDLE_IDENTIFIER = "Kter.KC.Photo-Facebook";
				PRODUCT_NAME = "$(TARGET_NAME)";
			};
			name = Debug;
		};
		549B4BDF1EFE3E780002DC22 /* Release */ = {
			isa = XCBuildConfiguration;
			buildSettings = {
				ASSETCATALOG_COMPILER_APPICON_NAME = AppIcon;
				FRAMEWORK_SEARCH_PATHS = (
					"$(inherited)",
					"$(PROJECT_DIR)/Photo\\ Facebook/FBSDK",
					"$(PROJECT_DIR)/Photo\\ Facebook/FBSDK",
					"$(PROJECT_DIR)/Photo\\ Facebook/FBSDK",
					"$(PROJECT_DIR)/Photo\\ Facebook/FBSDK",
					"$(PROJECT_DIR)/Photo\\ Facebook/FBSDK",
					"$(PROJECT_DIR)/Photo\\ Facebook/FBSDK",
					"$(PROJECT_DIR)/Photo\\ Facebook/FBSDK",
					"$(PROJECT_DIR)/Photo\\ Facebook/FBSDK",
					"$(PROJECT_DIR)/Photo\\ Facebook/FBSDK",
					"$(PROJECT_DIR)/Photo\\ Facebook/FBSDK",
					"$(PROJECT_DIR)/Photo\\ Facebook/FBSDK",
				);
				INFOPLIST_FILE = "Photo Facebook/Info.plist";
				LD_RUNPATH_SEARCH_PATHS = "$(inherited) @executable_path/Frameworks";
				PRODUCT_BUNDLE_IDENTIFIER = "Kter.KC.Photo-Facebook";
				PRODUCT_NAME = "$(TARGET_NAME)";
			};
			name = Release;
		};
/* End XCBuildConfiguration section */

/* Begin XCConfigurationList section */
		549B4BC11EFE3E780002DC22 /* Build configuration list for PBXProject "Photo Facebook" */ = {
			isa = XCConfigurationList;
			buildConfigurations = (
				549B4BDB1EFE3E780002DC22 /* Debug */,
				549B4BDC1EFE3E780002DC22 /* Release */,
			);
			defaultConfigurationIsVisible = 0;
			defaultConfigurationName = Release;
		};
		549B4BDD1EFE3E780002DC22 /* Build configuration list for PBXNativeTarget "Photo Facebook" */ = {
			isa = XCConfigurationList;
			buildConfigurations = (
				549B4BDE1EFE3E780002DC22 /* Debug */,
				549B4BDF1EFE3E780002DC22 /* Release */,
			);
			defaultConfigurationIsVisible = 0;
			defaultConfigurationName = Release;
		};
/* End XCConfigurationList section */
	};
	rootObject = 549B4BBE1EFE3E780002DC22 /* Project object */;
}
