// !$*UTF8*$!
{
	archiveVersion = 1;
	classes = {
	};
	objectVersion = 46;
	objects = {

/* Begin PBXBuildFile section */
		54B26F4B1EE116A3004786BF /* main.m in Sources */ = {isa = PBXBuildFile; fileRef = 54B26F4A1EE116A3004786BF /* main.m */; };
		54B26F4E1EE116A3004786BF /* AppDelegate.m in Sources */ = {isa = PBXBuildFile; fileRef = 54B26F4D1EE116A3004786BF /* AppDelegate.m */; };
		54B26F511EE116A3004786BF /* ViewController.m in Sources */ = {isa = PBXBuildFile; fileRef = 54B26F501EE116A3004786BF /* ViewController.m */; };
		54B26F541EE116A3004786BF /* Main.storyboard in Resources */ = {isa = PBXBuildFile; fileRef = 54B26F521EE116A3004786BF /* Main.storyboard */; };
		54B26F561EE116A3004786BF /* Assets.xcassets in Resources */ = {isa = PBXBuildFile; fileRef = 54B26F551EE116A3004786BF /* Assets.xcassets */; };
		54B26F591EE116A3004786BF /* LaunchScreen.storyboard in Resources */ = {isa = PBXBuildFile; fileRef = 54B26F571EE116A3004786BF /* LaunchScreen.storyboard */; };
		54B26F641EE116A3004786BF /* StudyObjectCTests.m in Sources */ = {isa = PBXBuildFile; fileRef = 54B26F631EE116A3004786BF /* StudyObjectCTests.m */; };
		54B26F6F1EE116A3004786BF /* StudyObjectCUITests.m in Sources */ = {isa = PBXBuildFile; fileRef = 54B26F6E1EE116A3004786BF /* StudyObjectCUITests.m */; };
/* End PBXBuildFile section */

/* Begin PBXContainerItemProxy section */
		54B26F601EE116A3004786BF /* PBXContainerItemProxy */ = {
			isa = PBXContainerItemProxy;
			containerPortal = 54B26F3E1EE116A3004786BF /* Project object */;
			proxyType = 1;
			remoteGlobalIDString = 54B26F451EE116A3004786BF;
			remoteInfo = StudyObjectC;
		};
		54B26F6B1EE116A3004786BF /* PBXContainerItemProxy */ = {
			isa = PBXContainerItemProxy;
			containerPortal = 54B26F3E1EE116A3004786BF /* Project object */;
			proxyType = 1;
			remoteGlobalIDString = 54B26F451EE116A3004786BF;
			remoteInfo = StudyObjectC;
		};
/* End PBXContainerItemProxy section */

/* Begin PBXFileReference section */
		54B26F461EE116A3004786BF /* StudyObjectC.app */ = {isa = PBXFileReference; explicitFileType = wrapper.application; includeInIndex = 0; path = StudyObjectC.app; sourceTree = BUILT_PRODUCTS_DIR; };
		54B26F4A1EE116A3004786BF /* main.m */ = {isa = PBXFileReference; lastKnownFileType = sourcecode.c.objc; path = main.m; sourceTree = "<group>"; };
		54B26F4C1EE116A3004786BF /* AppDelegate.h */ = {isa = PBXFileReference; lastKnownFileType = sourcecode.c.h; path = AppDelegate.h; sourceTree = "<group>"; };
		54B26F4D1EE116A3004786BF /* AppDelegate.m */ = {isa = PBXFileReference; lastKnownFileType = sourcecode.c.objc; path = AppDelegate.m; sourceTree = "<group>"; };
		54B26F4F1EE116A3004786BF /* ViewController.h */ = {isa = PBXFileReference; lastKnownFileType = sourcecode.c.h; path = ViewController.h; sourceTree = "<group>"; };
		54B26F501EE116A3004786BF /* ViewController.m */ = {isa = PBXFileReference; lastKnownFileType = sourcecode.c.objc; path = ViewController.m; sourceTree = "<group>"; };
		54B26F531EE116A3004786BF /* Base */ = {isa = PBXFileReference; lastKnownFileType = file.storyboard; name = Base; path = Base.lproj/Main.storyboard; sourceTree = "<group>"; };
		54B26F551EE116A3004786BF /* Assets.xcassets */ = {isa = PBXFileReference; lastKnownFileType = folder.assetcatalog; path = Assets.xcassets; sourceTree = "<group>"; };
		54B26F581EE116A3004786BF /* Base */ = {isa = PBXFileReference; lastKnownFileType = file.storyboard; name = Base; path = Base.lproj/LaunchScreen.storyboard; sourceTree = "<group>"; };
		54B26F5A1EE116A3004786BF /* Info.plist */ = {isa = PBXFileReference; lastKnownFileType = text.plist.xml; path = Info.plist; sourceTree = "<group>"; };
		54B26F5F1EE116A3004786BF /* StudyObjectCTests.xctest */ = {isa = PBXFileReference; explicitFileType = wrapper.cfbundle; includeInIndex = 0; path = StudyObjectCTests.xctest; sourceTree = BUILT_PRODUCTS_DIR; };
		54B26F631EE116A3004786BF /* StudyObjectCTests.m */ = {isa = PBXFileReference; lastKnownFileType = sourcecode.c.objc; path = StudyObjectCTests.m; sourceTree = "<group>"; };
		54B26F651EE116A3004786BF /* Info.plist */ = {isa = PBXFileReference; lastKnownFileType = text.plist.xml; path = Info.plist; sourceTree = "<group>"; };
		54B26F6A1EE116A3004786BF /* StudyObjectCUITests.xctest */ = {isa = PBXFileReference; explicitFileType = wrapper.cfbundle; includeInIndex = 0; path = StudyObjectCUITests.xctest; sourceTree = BUILT_PRODUCTS_DIR; };
		54B26F6E1EE116A3004786BF /* StudyObjectCUITests.m */ = {isa = PBXFileReference; lastKnownFileType = sourcecode.c.objc; path = StudyObjectCUITests.m; sourceTree = "<group>"; };
		54B26F701EE116A3004786BF /* Info.plist */ = {isa = PBXFileReference; lastKnownFileType = text.plist.xml; path = Info.plist; sourceTree = "<group>"; };
/* End PBXFileReference section */

/* Begin PBXFrameworksBuildPhase section */
		54B26F431EE116A3004786BF /* Frameworks */ = {
			isa = PBXFrameworksBuildPhase;
			buildActionMask = 2147483647;
			files = (
			);
			runOnlyForDeploymentPostprocessing = 0;
		};
		54B26F5C1EE116A3004786BF /* Frameworks */ = {
			isa = PBXFrameworksBuildPhase;
			buildActionMask = 2147483647;
			files = (
			);
			runOnlyForDeploymentPostprocessing = 0;
		};
		54B26F671EE116A3004786BF /* Frameworks */ = {
			isa = PBXFrameworksBuildPhase;
			buildActionMask = 2147483647;
			files = (
			);
			runOnlyForDeploymentPostprocessing = 0;
		};
/* End PBXFrameworksBuildPhase section */

/* Begin PBXGroup section */
		54B26F3D1EE116A3004786BF = {
			isa = PBXGroup;
			children = (
				54B26F481EE116A3004786BF /* StudyObjectC */,
				54B26F621EE116A3004786BF /* StudyObjectCTests */,
				54B26F6D1EE116A3004786BF /* StudyObjectCUITests */,
				54B26F471EE116A3004786BF /* Products */,
			);
			sourceTree = "<group>";
		};
		54B26F471EE116A3004786BF /* Products */ = {
			isa = PBXGroup;
			children = (
				54B26F461EE116A3004786BF /* StudyObjectC.app */,
				54B26F5F1EE116A3004786BF /* StudyObjectCTests.xctest */,
				54B26F6A1EE116A3004786BF /* StudyObjectCUITests.xctest */,
			);
			name = Products;
			sourceTree = "<group>";
		};
		54B26F481EE116A3004786BF /* StudyObjectC */ = {
			isa = PBXGroup;
			children = (
				54B26F4C1EE116A3004786BF /* AppDelegate.h */,
				54B26F4D1EE116A3004786BF /* AppDelegate.m */,
				54B26F4F1EE116A3004786BF /* ViewController.h */,
				54B26F501EE116A3004786BF /* ViewController.m */,
				54B26F521EE116A3004786BF /* Main.storyboard */,
				54B26F551EE116A3004786BF /* Assets.xcassets */,
				54B26F571EE116A3004786BF /* LaunchScreen.storyboard */,
				54B26F5A1EE116A3004786BF /* Info.plist */,
				54B26F491EE116A3004786BF /* Supporting Files */,
			);
			path = StudyObjectC;
			sourceTree = "<group>";
		};
		54B26F491EE116A3004786BF /* Supporting Files */ = {
			isa = PBXGroup;
			children = (
				54B26F4A1EE116A3004786BF /* main.m */,
			);
			name = "Supporting Files";
			sourceTree = "<group>";
		};
		54B26F621EE116A3004786BF /* StudyObjectCTests */ = {
			isa = PBXGroup;
			children = (
				54B26F631EE116A3004786BF /* StudyObjectCTests.m */,
				54B26F651EE116A3004786BF /* Info.plist */,
			);
			path = StudyObjectCTests;
			sourceTree = "<group>";
		};
		54B26F6D1EE116A3004786BF /* StudyObjectCUITests */ = {
			isa = PBXGroup;
			children = (
				54B26F6E1EE116A3004786BF /* StudyObjectCUITests.m */,
				54B26F701EE116A3004786BF /* Info.plist */,
			);
			path = StudyObjectCUITests;
			sourceTree = "<group>";
		};
/* End PBXGroup section */

/* Begin PBXNativeTarget section */
		54B26F451EE116A3004786BF /* StudyObjectC */ = {
			isa = PBXNativeTarget;
			buildConfigurationList = 54B26F731EE116A3004786BF /* Build configuration list for PBXNativeTarget "StudyObjectC" */;
			buildPhases = (
				54B26F421EE116A3004786BF /* Sources */,
				54B26F431EE116A3004786BF /* Frameworks */,
				54B26F441EE116A3004786BF /* Resources */,
			);
			buildRules = (
			);
			dependencies = (
			);
			name = StudyObjectC;
			productName = StudyObjectC;
			productReference = 54B26F461EE116A3004786BF /* StudyObjectC.app */;
			productType = "com.apple.product-type.application";
		};
		54B26F5E1EE116A3004786BF /* StudyObjectCTests */ = {
			isa = PBXNativeTarget;
			buildConfigurationList = 54B26F761EE116A3004786BF /* Build configuration list for PBXNativeTarget "StudyObjectCTests" */;
			buildPhases = (
				54B26F5B1EE116A3004786BF /* Sources */,
				54B26F5C1EE116A3004786BF /* Frameworks */,
				54B26F5D1EE116A3004786BF /* Resources */,
			);
			buildRules = (
			);
			dependencies = (
				54B26F611EE116A3004786BF /* PBXTargetDependency */,
			);
			name = StudyObjectCTests;
			productName = StudyObjectCTests;
			productReference = 54B26F5F1EE116A3004786BF /* StudyObjectCTests.xctest */;
			productType = "com.apple.product-type.bundle.unit-test";
		};
		54B26F691EE116A3004786BF /* StudyObjectCUITests */ = {
			isa = PBXNativeTarget;
			buildConfigurationList = 54B26F791EE116A3004786BF /* Build configuration list for PBXNativeTarget "StudyObjectCUITests" */;
			buildPhases = (
				54B26F661EE116A3004786BF /* Sources */,
				54B26F671EE116A3004786BF /* Frameworks */,
				54B26F681EE116A3004786BF /* Resources */,
			);
			buildRules = (
			);
			dependencies = (
				54B26F6C1EE116A3004786BF /* PBXTargetDependency */,
			);
			name = StudyObjectCUITests;
			productName = StudyObjectCUITests;
			productReference = 54B26F6A1EE116A3004786BF /* StudyObjectCUITests.xctest */;
			productType = "com.apple.product-type.bundle.ui-testing";
		};
/* End PBXNativeTarget section */

/* Begin PBXProject section */
		54B26F3E1EE116A3004786BF /* Project object */ = {
			isa = PBXProject;
			attributes = {
				LastUpgradeCheck = 0830;
				ORGANIZATIONNAME = KterKC;
				TargetAttributes = {
					54B26F451EE116A3004786BF = {
						CreatedOnToolsVersion = 8.3.2;
						ProvisioningStyle = Automatic;
					};
					54B26F5E1EE116A3004786BF = {
						CreatedOnToolsVersion = 8.3.2;
						ProvisioningStyle = Automatic;
						TestTargetID = 54B26F451EE116A3004786BF;
					};
					54B26F691EE116A3004786BF = {
						CreatedOnToolsVersion = 8.3.2;
						ProvisioningStyle = Automatic;
						TestTargetID = 54B26F451EE116A3004786BF;
					};
				};
			};
			buildConfigurationList = 54B26F411EE116A3004786BF /* Build configuration list for PBXProject "StudyObjectC" */;
			compatibilityVersion = "Xcode 3.2";
			developmentRegion = English;
			hasScannedForEncodings = 0;
			knownRegions = (
				en,
				Base,
			);
			mainGroup = 54B26F3D1EE116A3004786BF;
			productRefGroup = 54B26F471EE116A3004786BF /* Products */;
			projectDirPath = "";
			projectRoot = "";
			targets = (
				54B26F451EE116A3004786BF /* StudyObjectC */,
				54B26F5E1EE116A3004786BF /* StudyObjectCTests */,
				54B26F691EE116A3004786BF /* StudyObjectCUITests */,
			);
		};
/* End PBXProject section */

/* Begin PBXResourcesBuildPhase section */
		54B26F441EE116A3004786BF /* Resources */ = {
			isa = PBXResourcesBuildPhase;
			buildActionMask = 2147483647;
			files = (
				54B26F591EE116A3004786BF /* LaunchScreen.storyboard in Resources */,
				54B26F561EE116A3004786BF /* Assets.xcassets in Resources */,
				54B26F541EE116A3004786BF /* Main.storyboard in Resources */,
			);
			runOnlyForDeploymentPostprocessing = 0;
		};
		54B26F5D1EE116A3004786BF /* Resources */ = {
			isa = PBXResourcesBuildPhase;
			buildActionMask = 2147483647;
			files = (
			);
			runOnlyForDeploymentPostprocessing = 0;
		};
		54B26F681EE116A3004786BF /* Resources */ = {
			isa = PBXResourcesBuildPhase;
			buildActionMask = 2147483647;
			files = (
			);
			runOnlyForDeploymentPostprocessing = 0;
		};
/* End PBXResourcesBuildPhase section */

/* Begin PBXSourcesBuildPhase section */
		54B26F421EE116A3004786BF /* Sources */ = {
			isa = PBXSourcesBuildPhase;
			buildActionMask = 2147483647;
			files = (
				54B26F511EE116A3004786BF /* ViewController.m in Sources */,
				54B26F4E1EE116A3004786BF /* AppDelegate.m in Sources */,
				54B26F4B1EE116A3004786BF /* main.m in Sources */,
			);
			runOnlyForDeploymentPostprocessing = 0;
		};
		54B26F5B1EE116A3004786BF /* Sources */ = {
			isa = PBXSourcesBuildPhase;
			buildActionMask = 2147483647;
			files = (
				54B26F641EE116A3004786BF /* StudyObjectCTests.m in Sources */,
			);
			runOnlyForDeploymentPostprocessing = 0;
		};
		54B26F661EE116A3004786BF /* Sources */ = {
			isa = PBXSourcesBuildPhase;
			buildActionMask = 2147483647;
			files = (
				54B26F6F1EE116A3004786BF /* StudyObjectCUITests.m in Sources */,
			);
			runOnlyForDeploymentPostprocessing = 0;
		};
/* End PBXSourcesBuildPhase section */

/* Begin PBXTargetDependency section */
		54B26F611EE116A3004786BF /* PBXTargetDependency */ = {
			isa = PBXTargetDependency;
			target = 54B26F451EE116A3004786BF /* StudyObjectC */;
			targetProxy = 54B26F601EE116A3004786BF /* PBXContainerItemProxy */;
		};
		54B26F6C1EE116A3004786BF /* PBXTargetDependency */ = {
			isa = PBXTargetDependency;
			target = 54B26F451EE116A3004786BF /* StudyObjectC */;
			targetProxy = 54B26F6B1EE116A3004786BF /* PBXContainerItemProxy */;
		};
/* End PBXTargetDependency section */

/* Begin PBXVariantGroup section */
		54B26F521EE116A3004786BF /* Main.storyboard */ = {
			isa = PBXVariantGroup;
			children = (
				54B26F531EE116A3004786BF /* Base */,
			);
			name = Main.storyboard;
			sourceTree = "<group>";
		};
		54B26F571EE116A3004786BF /* LaunchScreen.storyboard */ = {
			isa = PBXVariantGroup;
			children = (
				54B26F581EE116A3004786BF /* Base */,
			);
			name = LaunchScreen.storyboard;
			sourceTree = "<group>";
		};
/* End PBXVariantGroup section */

/* Begin XCBuildConfiguration section */
		54B26F711EE116A3004786BF /* Debug */ = {
			isa = XCBuildConfiguration;
			buildSettings = {
				ALWAYS_SEARCH_USER_PATHS = NO;
				CLANG_ANALYZER_NONNULL = YES;
				CLANG_ANALYZER_NUMBER_OBJECT_CONVERSION = YES_AGGRESSIVE;
				CLANG_CXX_LANGUAGE_STANDARD = "gnu++0x";
				CLANG_CXX_LIBRARY = "libc++";
				CLANG_ENABLE_MODULES = YES;
				CLANG_ENABLE_OBJC_ARC = YES;
				CLANG_WARN_BOOL_CONVERSION = YES;
				CLANG_WARN_CONSTANT_CONVERSION = YES;
				CLANG_WARN_DIRECT_OBJC_ISA_USAGE = YES_ERROR;
				CLANG_WARN_DOCUMENTATION_COMMENTS = YES;
				CLANG_WARN_EMPTY_BODY = YES;
				CLANG_WARN_ENUM_CONVERSION = YES;
				CLANG_WARN_INFINITE_RECURSION = YES;
				CLANG_WARN_INT_CONVERSION = YES;
				CLANG_WARN_OBJC_ROOT_CLASS = YES_ERROR;
				CLANG_WARN_SUSPICIOUS_MOVE = YES;
				CLANG_WARN_UNREACHABLE_CODE = YES;
				CLANG_WARN__DUPLICATE_METHOD_MATCH = YES;
				"CODE_SIGN_IDENTITY[sdk=iphoneos*]" = "iPhone Developer";
				COPY_PHASE_STRIP = NO;
				DEBUG_INFORMATION_FORMAT = dwarf;
				ENABLE_STRICT_OBJC_MSGSEND = YES;
				ENABLE_TESTABILITY = YES;
				GCC_C_LANGUAGE_STANDARD = gnu99;
				GCC_DYNAMIC_NO_PIC = NO;
				GCC_NO_COMMON_BLOCKS = YES;
				GCC_OPTIMIZATION_LEVEL = 0;
				GCC_PREPROCESSOR_DEFINITIONS = (
					"DEBUG=1",
					"$(inherited)",
				);
				GCC_WARN_64_TO_32_BIT_CONVERSION = YES;
				GCC_WARN_ABOUT_RETURN_TYPE = YES_ERROR;
				GCC_WARN_UNDECLARED_SELECTOR = YES;
				GCC_WARN_UNINITIALIZED_AUTOS = YES_AGGRESSIVE;
				GCC_WARN_UNUSED_FUNCTION = YES;
				GCC_WARN_UNUSED_VARIABLE = YES;
				IPHONEOS_DEPLOYMENT_TARGET = 10.3;
				MTL_ENABLE_DEBUG_INFO = YES;
				ONLY_ACTIVE_ARCH = YES;
				SDKROOT = iphoneos;
				TARGETED_DEVICE_FAMILY = "1,2";
			};
			name = Debug;
		};
		54B26F721EE116A3004786BF /* Release */ = {
			isa = XCBuildConfiguration;
			buildSettings = {
				ALWAYS_SEARCH_USER_PATHS = NO;
				CLANG_ANALYZER_NONNULL = YES;
				CLANG_ANALYZER_NUMBER_OBJECT_CONVERSION = YES_AGGRESSIVE;
				CLANG_CXX_LANGUAGE_STANDARD = "gnu++0x";
				CLANG_CXX_LIBRARY = "libc++";
				CLANG_ENABLE_MODULES = YES;
				CLANG_ENABLE_OBJC_ARC = YES;
				CLANG_WARN_BOOL_CONVERSION = YES;
				CLANG_WARN_CONSTANT_CONVERSION = YES;
				CLANG_WARN_DIRECT_OBJC_ISA_USAGE = YES_ERROR;
				CLANG_WARN_DOCUMENTATION_COMMENTS = YES;
				CLANG_WARN_EMPTY_BODY = YES;
				CLANG_WARN_ENUM_CONVERSION = YES;
				CLANG_WARN_INFINITE_RECURSION = YES;
				CLANG_WARN_INT_CONVERSION = YES;
				CLANG_WARN_OBJC_ROOT_CLASS = YES_ERROR;
				CLANG_WARN_SUSPICIOUS_MOVE = YES;
				CLANG_WARN_UNREACHABLE_CODE = YES;
				CLANG_WARN__DUPLICATE_METHOD_MATCH = YES;
				"CODE_SIGN_IDENTITY[sdk=iphoneos*]" = "iPhone Developer";
				COPY_PHASE_STRIP = NO;
				DEBUG_INFORMATION_FORMAT = "dwarf-with-dsym";
				ENABLE_NS_ASSERTIONS = NO;
				ENABLE_STRICT_OBJC_MSGSEND = YES;
				GCC_C_LANGUAGE_STANDARD = gnu99;
				GCC_NO_COMMON_BLOCKS = YES;
				GCC_WARN_64_TO_32_BIT_CONVERSION = YES;
				GCC_WARN_ABOUT_RETURN_TYPE = YES_ERROR;
				GCC_WARN_UNDECLARED_SELECTOR = YES;
				GCC_WARN_UNINITIALIZED_AUTOS = YES_AGGRESSIVE;
				GCC_WARN_UNUSED_FUNCTION = YES;
				GCC_WARN_UNUSED_VARIABLE = YES;
				IPHONEOS_DEPLOYMENT_TARGET = 10.3;
				MTL_ENABLE_DEBUG_INFO = NO;
				SDKROOT = iphoneos;
				TARGETED_DEVICE_FAMILY = "1,2";
				VALIDATE_PRODUCT = YES;
			};
			name = Release;
		};
		54B26F741EE116A3004786BF /* Debug */ = {
			isa = XCBuildConfiguration;
			buildSettings = {
				ASSETCATALOG_COMPILER_APPICON_NAME = AppIcon;
				INFOPLIST_FILE = StudyObjectC/Info.plist;
				LD_RUNPATH_SEARCH_PATHS = "$(inherited) @executable_path/Frameworks";
				PRODUCT_BUNDLE_IDENTIFIER = Kter.KC.StudyObjectC;
				PRODUCT_NAME = "$(TARGET_NAME)";
			};
			name = Debug;
		};
		54B26F751EE116A3004786BF /* Release */ = {
			isa = XCBuildConfiguration;
			buildSettings = {
				ASSETCATALOG_COMPILER_APPICON_NAME = AppIcon;
				INFOPLIST_FILE = StudyObjectC/Info.plist;
				LD_RUNPATH_SEARCH_PATHS = "$(inherited) @executable_path/Frameworks";
				PRODUCT_BUNDLE_IDENTIFIER = Kter.KC.StudyObjectC;
				PRODUCT_NAME = "$(TARGET_NAME)";
			};
			name = Release;
		};
		54B26F771EE116A3004786BF /* Debug */ = {
			isa = XCBuildConfiguration;
			buildSettings = {
				BUNDLE_LOADER = "$(TEST_HOST)";
				INFOPLIST_FILE = StudyObjectCTests/Info.plist;
				LD_RUNPATH_SEARCH_PATHS = "$(inherited) @executable_path/Frameworks @loader_path/Frameworks";
				PRODUCT_BUNDLE_IDENTIFIER = Kter.KC.StudyObjectCTests;
				PRODUCT_NAME = "$(TARGET_NAME)";
				TEST_HOST = "$(BUILT_PRODUCTS_DIR)/StudyObjectC.app/StudyObjectC";
			};
			name = Debug;
		};
		54B26F781EE116A3004786BF /* Release */ = {
			isa = XCBuildConfiguration;
			buildSettings = {
				BUNDLE_LOADER = "$(TEST_HOST)";
				INFOPLIST_FILE = StudyObjectCTests/Info.plist;
				LD_RUNPATH_SEARCH_PATHS = "$(inherited) @executable_path/Frameworks @loader_path/Frameworks";
				PRODUCT_BUNDLE_IDENTIFIER = Kter.KC.StudyObjectCTests;
				PRODUCT_NAME = "$(TARGET_NAME)";
				TEST_HOST = "$(BUILT_PRODUCTS_DIR)/StudyObjectC.app/StudyObjectC";
			};
			name = Release;
		};
		54B26F7A1EE116A3004786BF /* Debug */ = {
			isa = XCBuildConfiguration;
			buildSettings = {
				INFOPLIST_FILE = StudyObjectCUITests/Info.plist;
				LD_RUNPATH_SEARCH_PATHS = "$(inherited) @executable_path/Frameworks @loader_path/Frameworks";
				PRODUCT_BUNDLE_IDENTIFIER = Kter.KC.StudyObjectCUITests;
				PRODUCT_NAME = "$(TARGET_NAME)";
				TEST_TARGET_NAME = StudyObjectC;
			};
			name = Debug;
		};
		54B26F7B1EE116A3004786BF /* Release */ = {
			isa = XCBuildConfiguration;
			buildSettings = {
				INFOPLIST_FILE = StudyObjectCUITests/Info.plist;
				LD_RUNPATH_SEARCH_PATHS = "$(inherited) @executable_path/Frameworks @loader_path/Frameworks";
				PRODUCT_BUNDLE_IDENTIFIER = Kter.KC.StudyObjectCUITests;
				PRODUCT_NAME = "$(TARGET_NAME)";
				TEST_TARGET_NAME = StudyObjectC;
			};
			name = Release;
		};
/* End XCBuildConfiguration section */

/* Begin XCConfigurationList section */
		54B26F411EE116A3004786BF /* Build configuration list for PBXProject "StudyObjectC" */ = {
			isa = XCConfigurationList;
			buildConfigurations = (
				54B26F711EE116A3004786BF /* Debug */,
				54B26F721EE116A3004786BF /* Release */,
			);
			defaultConfigurationIsVisible = 0;
			defaultConfigurationName = Release;
		};
		54B26F731EE116A3004786BF /* Build configuration list for PBXNativeTarget "StudyObjectC" */ = {
			isa = XCConfigurationList;
			buildConfigurations = (
				54B26F741EE116A3004786BF /* Debug */,
				54B26F751EE116A3004786BF /* Release */,
			);
			defaultConfigurationIsVisible = 0;
		};
		54B26F761EE116A3004786BF /* Build configuration list for PBXNativeTarget "StudyObjectCTests" */ = {
			isa = XCConfigurationList;
			buildConfigurations = (
				54B26F771EE116A3004786BF /* Debug */,
				54B26F781EE116A3004786BF /* Release */,
			);
			defaultConfigurationIsVisible = 0;
		};
		54B26F791EE116A3004786BF /* Build configuration list for PBXNativeTarget "StudyObjectCUITests" */ = {
			isa = XCConfigurationList;
			buildConfigurations = (
				54B26F7A1EE116A3004786BF /* Debug */,
				54B26F7B1EE116A3004786BF /* Release */,
			);
			defaultConfigurationIsVisible = 0;
		};
/* End XCConfigurationList section */
	};
	rootObject = 54B26F3E1EE116A3004786BF /* Project object */;
}
